// !$*UTF8*$!
{
	archiveVersion = 1;
	classes = {
	};
	objectVersion = 52;
	objects = {

/* Begin PBXBuildFile section */
		667C0C2B8EAE2F3D2EF24EBA /* Pods_EsAppiOS.framework in Frameworks */ = {isa = PBXBuildFile; fileRef = 29CF7B94345025EA7C5AFDB0 /* Pods_EsAppiOS.framework */; };
		EF0C9972276BA08200C722F5 /* CustomerInfoListViewModel.swift in Sources */ = {isa = PBXBuildFile; fileRef = EF0C9971276BA08200C722F5 /* CustomerInfoListViewModel.swift */; };
		EF1623CD276EFE5000A3712C /* ProductDetailAPI.swift in Sources */ = {isa = PBXBuildFile; fileRef = EF1623CC276EFE5000A3712C /* ProductDetailAPI.swift */; };
		EF1623D9276F012800A3712C /* ProductDetailRepository.swift in Sources */ = {isa = PBXBuildFile; fileRef = EF1623D8276F012800A3712C /* ProductDetailRepository.swift */; };
		EF1623DB276F016000A3712C /* GetProductDetailInfo2Response.swift in Sources */ = {isa = PBXBuildFile; fileRef = EF1623DA276F016000A3712C /* GetProductDetailInfo2Response.swift */; };
		EF1623DE276F02AC00A3712C /* GetProductDetailInfo2UseCase.swift in Sources */ = {isa = PBXBuildFile; fileRef = EF1623DD276F02AC00A3712C /* GetProductDetailInfo2UseCase.swift */; };
		EF1623E1276F047B00A3712C /* ProductInfoViewModel.swift in Sources */ = {isa = PBXBuildFile; fileRef = EF1623E0276F047B00A3712C /* ProductInfoViewModel.swift */; };
		EF1623E3276F10CB00A3712C /* UIImageView+Kingfisher.swift in Sources */ = {isa = PBXBuildFile; fileRef = EF1623E2276F10CB00A3712C /* UIImageView+Kingfisher.swift */; };
		EF1623E6276F112D00A3712C /* Kingfisher in Frameworks */ = {isa = PBXBuildFile; productRef = EF1623E5276F112D00A3712C /* Kingfisher */; };
		EF22CC632648073400E5438F /* CustomerInfoDetailViewController.swift in Sources */ = {isa = PBXBuildFile; fileRef = EF22CC622648073400E5438F /* CustomerInfoDetailViewController.swift */; };
		EF22CC662648073A00E5438F /* CustomerInfoDetail.storyboard in Resources */ = {isa = PBXBuildFile; fileRef = EF22CC652648073A00E5438F /* CustomerInfoDetail.storyboard */; };
		EF22CC6C26480A2000E5438F /* CustomerInfoDetailTableViewCell.swift in Sources */ = {isa = PBXBuildFile; fileRef = EF22CC6A26480A2000E5438F /* CustomerInfoDetailTableViewCell.swift */; };
		EF22CC6D26480A2000E5438F /* CustomerInfoDetailTableViewCell.xib in Resources */ = {isa = PBXBuildFile; fileRef = EF22CC6B26480A2000E5438F /* CustomerInfoDetailTableViewCell.xib */; };
		EF22CC7126480F8000E5438F /* CustomerInfoDetailListModel.swift in Sources */ = {isa = PBXBuildFile; fileRef = EF22CC7026480F8000E5438F /* CustomerInfoDetailListModel.swift */; };
		EF22CC752648140300E5438F /* PopupView.storyboard in Resources */ = {isa = PBXBuildFile; fileRef = EF22CC742648140300E5438F /* PopupView.storyboard */; };
		EF22CC782648141500E5438F /* PopupViewController.swift in Sources */ = {isa = PBXBuildFile; fileRef = EF22CC772648141500E5438F /* PopupViewController.swift */; };
		EF22CC7B26484C9800E5438F /* supermarket.ttf in Resources */ = {isa = PBXBuildFile; fileRef = EF22CC7A26484C9800E5438F /* supermarket.ttf */; };
		EF239BF726384F3900983EA8 /* SimilarRelatedHeaderTableViewCell.swift in Sources */ = {isa = PBXBuildFile; fileRef = EF239BF626384F3900983EA8 /* SimilarRelatedHeaderTableViewCell.swift */; };
		EF239BFA26384F3E00983EA8 /* SimilarRelatedHeaderTableViewCell.xib in Resources */ = {isa = PBXBuildFile; fileRef = EF239BF926384F3E00983EA8 /* SimilarRelatedHeaderTableViewCell.xib */; };
		EF239BFF26384F5800983EA8 /* SimilarRelatedListTableViewCell.swift in Sources */ = {isa = PBXBuildFile; fileRef = EF239BFD26384F5800983EA8 /* SimilarRelatedListTableViewCell.swift */; };
		EF239C0026384F5800983EA8 /* SimilarRelatedListTableViewCell.xib in Resources */ = {isa = PBXBuildFile; fileRef = EF239BFE26384F5800983EA8 /* SimilarRelatedListTableViewCell.xib */; };
		EF29F40C260E2B4700ABE46D /* Moya in Frameworks */ = {isa = PBXBuildFile; productRef = EF29F40B260E2B4700ABE46D /* Moya */; };
		EF29F40E260E2B4700ABE46D /* RxMoya in Frameworks */ = {isa = PBXBuildFile; productRef = EF29F40D260E2B4700ABE46D /* RxMoya */; };
		EF29F410260E2B4700ABE46D /* ReactiveMoya in Frameworks */ = {isa = PBXBuildFile; productRef = EF29F40F260E2B4700ABE46D /* ReactiveMoya */; };
		EF29F429260E316200ABE46D /* UIViewController+Extension.swift in Sources */ = {isa = PBXBuildFile; fileRef = EF29F428260E316200ABE46D /* UIViewController+Extension.swift */; };
		EF29F42D260E31C000ABE46D /* NVActivityIndicatorView in Frameworks */ = {isa = PBXBuildFile; productRef = EF29F42C260E31C000ABE46D /* NVActivityIndicatorView */; };
		EF29F42F260E31C000ABE46D /* NVActivityIndicatorViewExtended in Frameworks */ = {isa = PBXBuildFile; productRef = EF29F42E260E31C000ABE46D /* NVActivityIndicatorViewExtended */; };
		EF29F432260E32B200ABE46D /* UITextField+Extension.swift in Sources */ = {isa = PBXBuildFile; fileRef = EF29F431260E32B200ABE46D /* UITextField+Extension.swift */; };
		EF29F435260E35EA00ABE46D /* UIButton+Extension.swift in Sources */ = {isa = PBXBuildFile; fileRef = EF29F434260E35EA00ABE46D /* UIButton+Extension.swift */; };
		EF29F43C260E44DB00ABE46D /* SceneOpen.swift in Sources */ = {isa = PBXBuildFile; fileRef = EF29F43B260E44DB00ABE46D /* SceneOpen.swift */; };
		EF29F440260E456000ABE46D /* NavigationManager.swift in Sources */ = {isa = PBXBuildFile; fileRef = EF29F43F260E456000ABE46D /* NavigationManager.swift */; };
		EF29F443260E576800ABE46D /* UIImageView+Extension.swift in Sources */ = {isa = PBXBuildFile; fileRef = EF29F442260E576800ABE46D /* UIImageView+Extension.swift */; };
		EF39943F26340E1D00BBC189 /* PriceTableModel.swift in Sources */ = {isa = PBXBuildFile; fileRef = EF39943E26340E1D00BBC189 /* PriceTableModel.swift */; };
		EF3994452634100700BBC189 /* InventoryHeaderTableViewCell.swift in Sources */ = {isa = PBXBuildFile; fileRef = EF3994442634100700BBC189 /* InventoryHeaderTableViewCell.swift */; };
		EF3994482634101200BBC189 /* InventoryHeaderTableViewCell.xib in Resources */ = {isa = PBXBuildFile; fileRef = EF3994472634101200BBC189 /* InventoryHeaderTableViewCell.xib */; };
		EF39944C2634102800BBC189 /* InventoryListTableViewCell.swift in Sources */ = {isa = PBXBuildFile; fileRef = EF39944A2634102800BBC189 /* InventoryListTableViewCell.swift */; };
		EF39944D2634102800BBC189 /* InventoryListTableViewCell.xib in Resources */ = {isa = PBXBuildFile; fileRef = EF39944B2634102800BBC189 /* InventoryListTableViewCell.xib */; };
		EF399450263412FE00BBC189 /* InventoryTableModel.swift in Sources */ = {isa = PBXBuildFile; fileRef = EF39944F263412FE00BBC189 /* InventoryTableModel.swift */; };
		EF3994542634218A00BBC189 /* InventoryFooterTableViewCell.swift in Sources */ = {isa = PBXBuildFile; fileRef = EF3994532634218A00BBC189 /* InventoryFooterTableViewCell.swift */; };
		EF3994572634219100BBC189 /* InventoryFooterTableViewCell.xib in Resources */ = {isa = PBXBuildFile; fileRef = EF3994562634219100BBC189 /* InventoryFooterTableViewCell.xib */; };
		EF399461263429ED00BBC189 /* ShipmentHeaderTableViewCell.swift in Sources */ = {isa = PBXBuildFile; fileRef = EF399460263429ED00BBC189 /* ShipmentHeaderTableViewCell.swift */; };
		EF399465263429F300BBC189 /* ShipmentHeaderTableViewCell.xib in Resources */ = {isa = PBXBuildFile; fileRef = EF399464263429F300BBC189 /* ShipmentHeaderTableViewCell.xib */; };
		EF39946E26342A2900BBC189 /* ShipmentListTableViewCell.swift in Sources */ = {isa = PBXBuildFile; fileRef = EF39946C26342A2900BBC189 /* ShipmentListTableViewCell.swift */; };
		EF39946F26342A2900BBC189 /* ShipmentListTableViewCell.xib in Resources */ = {isa = PBXBuildFile; fileRef = EF39946D26342A2900BBC189 /* ShipmentListTableViewCell.xib */; };
		EF39947326342D0E00BBC189 /* ShipmentTableModel.swift in Sources */ = {isa = PBXBuildFile; fileRef = EF39947226342D0E00BBC189 /* ShipmentTableModel.swift */; };
		EF39949C26343F8200BBC189 /* ProductSpecificationTableViewCell.swift in Sources */ = {isa = PBXBuildFile; fileRef = EF39949A26343F8200BBC189 /* ProductSpecificationTableViewCell.swift */; };
		EF39949D26343F8200BBC189 /* ProductSpecificationTableViewCell.xib in Resources */ = {isa = PBXBuildFile; fileRef = EF39949B26343F8200BBC189 /* ProductSpecificationTableViewCell.xib */; };
		EF3994A126343F9500BBC189 /* ProductInformationTableViewCell.swift in Sources */ = {isa = PBXBuildFile; fileRef = EF39949F26343F9500BBC189 /* ProductInformationTableViewCell.swift */; };
		EF3994A226343F9500BBC189 /* ProductInformationTableViewCell.xib in Resources */ = {isa = PBXBuildFile; fileRef = EF3994A026343F9500BBC189 /* ProductInformationTableViewCell.xib */; };
		EF3994AC2634454C00BBC189 /* ProductTableModel.swift in Sources */ = {isa = PBXBuildFile; fileRef = EF3994AB2634454C00BBC189 /* ProductTableModel.swift */; };
		EF4788602764651400746A59 /* BadgeSaleManView.swift in Sources */ = {isa = PBXBuildFile; fileRef = EF47885F2764651400746A59 /* BadgeSaleManView.swift */; };
		EF4788622764651F00746A59 /* BadgeSaleManView.xib in Resources */ = {isa = PBXBuildFile; fileRef = EF4788612764651F00746A59 /* BadgeSaleManView.xib */; };
		EF50D8CC26F73CCD008F11D7 /* CustomerProfile.storyboard in Resources */ = {isa = PBXBuildFile; fileRef = EF50D8CB26F73CCD008F11D7 /* CustomerProfile.storyboard */; };
		EF50D8D026F73D5A008F11D7 /* CustomerProfileViewController.swift in Sources */ = {isa = PBXBuildFile; fileRef = EF50D8CF26F73D5A008F11D7 /* CustomerProfileViewController.swift */; };
		EF50D8D826F75771008F11D7 /* ContactHeaderTableViewCell.swift in Sources */ = {isa = PBXBuildFile; fileRef = EF50D8D626F75771008F11D7 /* ContactHeaderTableViewCell.swift */; };
		EF50D8D926F75771008F11D7 /* ContactHeaderTableViewCell.xib in Resources */ = {isa = PBXBuildFile; fileRef = EF50D8D726F75771008F11D7 /* ContactHeaderTableViewCell.xib */; };
		EF50D8DC26F7577D008F11D7 /* ContactItemTableViewCell.swift in Sources */ = {isa = PBXBuildFile; fileRef = EF50D8DA26F7577D008F11D7 /* ContactItemTableViewCell.swift */; };
		EF50D8DD26F7577D008F11D7 /* ContactItemTableViewCell.xib in Resources */ = {isa = PBXBuildFile; fileRef = EF50D8DB26F7577D008F11D7 /* ContactItemTableViewCell.xib */; };
		EF5242CA262AADC90071572B /* ProductInfo.storyboard in Resources */ = {isa = PBXBuildFile; fileRef = EF5242C9262AADC90071572B /* ProductInfo.storyboard */; };
		EF5242CD262AADDA0071572B /* ProductInfoViewController.swift in Sources */ = {isa = PBXBuildFile; fileRef = EF5242CC262AADDA0071572B /* ProductInfoViewController.swift */; };
		EF5242D7262AC96F0071572B /* RobotoCondensed-Light.ttf in Resources */ = {isa = PBXBuildFile; fileRef = EF5242D1262AC96F0071572B /* RobotoCondensed-Light.ttf */; };
		EF5242D9262AC96F0071572B /* RobotoCondensed-Bold.ttf in Resources */ = {isa = PBXBuildFile; fileRef = EF5242D3262AC96F0071572B /* RobotoCondensed-Bold.ttf */; };
		EF5242DA262AC96F0071572B /* RobotoCondensed-Regular.ttf in Resources */ = {isa = PBXBuildFile; fileRef = EF5242D4262AC96F0071572B /* RobotoCondensed-Regular.ttf */; };
		EF5242E2262ADDD60071572B /* ImageCollectionViewCell.swift in Sources */ = {isa = PBXBuildFile; fileRef = EF5242E0262ADDD60071572B /* ImageCollectionViewCell.swift */; };
		EF5242E3262ADDD60071572B /* ImageCollectionViewCell.xib in Resources */ = {isa = PBXBuildFile; fileRef = EF5242E1262ADDD60071572B /* ImageCollectionViewCell.xib */; };
		EF529454260D860800C3EF64 /* AppDelegate.swift in Sources */ = {isa = PBXBuildFile; fileRef = EF529453260D860800C3EF64 /* AppDelegate.swift */; };
		EF52945D260D860800C3EF64 /* Assets.xcassets in Resources */ = {isa = PBXBuildFile; fileRef = EF52945C260D860800C3EF64 /* Assets.xcassets */; };
		EF529460260D860800C3EF64 /* LaunchScreen.storyboard in Resources */ = {isa = PBXBuildFile; fileRef = EF52945E260D860800C3EF64 /* LaunchScreen.storyboard */; };
		EF52946D260D886D00C3EF64 /* SplashViewController.swift in Sources */ = {isa = PBXBuildFile; fileRef = EF52946C260D886D00C3EF64 /* SplashViewController.swift */; };
		EF529470260D887400C3EF64 /* Splash.storyboard in Resources */ = {isa = PBXBuildFile; fileRef = EF52946F260D887400C3EF64 /* Splash.storyboard */; };
		EF529474260D89E000C3EF64 /* Color.xcassets in Resources */ = {isa = PBXBuildFile; fileRef = EF529473260D89E000C3EF64 /* Color.xcassets */; };
		EF52947B260D96BB00C3EF64 /* Login.storyboard in Resources */ = {isa = PBXBuildFile; fileRef = EF52947A260D96BB00C3EF64 /* Login.storyboard */; };
		EF52947E260D96C500C3EF64 /* LoginViewController.swift in Sources */ = {isa = PBXBuildFile; fileRef = EF52947D260D96C500C3EF64 /* LoginViewController.swift */; };
		EF529482260D97FF00C3EF64 /* Extension+Notification.swift in Sources */ = {isa = PBXBuildFile; fileRef = EF529481260D97FF00C3EF64 /* Extension+Notification.swift */; };
		EF74ED15262D2D1700E420C8 /* PriceListTableViewCell.swift in Sources */ = {isa = PBXBuildFile; fileRef = EF74ED13262D2D1700E420C8 /* PriceListTableViewCell.swift */; };
		EF74ED16262D2D1700E420C8 /* PriceListTableViewCell.xib in Resources */ = {isa = PBXBuildFile; fileRef = EF74ED14262D2D1700E420C8 /* PriceListTableViewCell.xib */; };
		EF74ED1B262D2D6500E420C8 /* PriceHeaderTableViewCell.swift in Sources */ = {isa = PBXBuildFile; fileRef = EF74ED1A262D2D6500E420C8 /* PriceHeaderTableViewCell.swift */; };
		EF74ED1F262D2D7F00E420C8 /* PriceHeaderTableViewCell.xib in Resources */ = {isa = PBXBuildFile; fileRef = EF74ED1E262D2D7F00E420C8 /* PriceHeaderTableViewCell.xib */; };
		EF7D56FB260EF918004EE94A /* UIFont+Extension.swift in Sources */ = {isa = PBXBuildFile; fileRef = EF7D56FA260EF918004EE94A /* UIFont+Extension.swift */; };
		EF7D56FE260EFD99004EE94A /* UIView+Extension.swift in Sources */ = {isa = PBXBuildFile; fileRef = EF7D56FD260EFD99004EE94A /* UIView+Extension.swift */; };
		EF7F08C7278EC8B300FE4E9C /* EmptyTableViewCell.swift in Sources */ = {isa = PBXBuildFile; fileRef = EF7F08C5278EC8B300FE4E9C /* EmptyTableViewCell.swift */; };
		EF7F08C8278EC8B300FE4E9C /* EmptyTableViewCell.xib in Resources */ = {isa = PBXBuildFile; fileRef = EF7F08C6278EC8B300FE4E9C /* EmptyTableViewCell.xib */; };
		EF849DDC276A40030010FEF0 /* GetInfoLevel1Request.swift in Sources */ = {isa = PBXBuildFile; fileRef = EF849DDB276A40030010FEF0 /* GetInfoLevel1Request.swift */; };
		EF849DE1276A40770010FEF0 /* InfoLevel1API.swift in Sources */ = {isa = PBXBuildFile; fileRef = EF849DE0276A40770010FEF0 /* InfoLevel1API.swift */; };
		EF849DE3276A409E0010FEF0 /* InfoLevel1Repository.swift in Sources */ = {isa = PBXBuildFile; fileRef = EF849DE2276A409E0010FEF0 /* InfoLevel1Repository.swift */; };
		EF849DE5276A40F40010FEF0 /* GetProductInfoResponse.swift in Sources */ = {isa = PBXBuildFile; fileRef = EF849DE4276A40F40010FEF0 /* GetProductInfoResponse.swift */; };
		EF849DE7276A40FE0010FEF0 /* GetCustomerInfoResponse.swift in Sources */ = {isa = PBXBuildFile; fileRef = EF849DE6276A40FE0010FEF0 /* GetCustomerInfoResponse.swift */; };
		EF849DEB276A42EC0010FEF0 /* GetProductInfoUseCase.swift in Sources */ = {isa = PBXBuildFile; fileRef = EF849DEA276A42EC0010FEF0 /* GetProductInfoUseCase.swift */; };
		EF849DED276A42FB0010FEF0 /* GetCustomerInfoUseCase.swift in Sources */ = {isa = PBXBuildFile; fileRef = EF849DEC276A42FB0010FEF0 /* GetCustomerInfoUseCase.swift */; };
		EF849DF0276A43FE0010FEF0 /* ProductInfoListViewModel.swift in Sources */ = {isa = PBXBuildFile; fileRef = EF849DEF276A43FE0010FEF0 /* ProductInfoListViewModel.swift */; };
		EF849DF2276A487A0010FEF0 /* AnyCodableValue.swift in Sources */ = {isa = PBXBuildFile; fileRef = EF849DF1276A487A0010FEF0 /* AnyCodableValue.swift */; };
		EF95F42E27723BB3007CA109 /* GetProductDetailInfoRequest.swift in Sources */ = {isa = PBXBuildFile; fileRef = EF95F42D27723BB3007CA109 /* GetProductDetailInfoRequest.swift */; };
		EF9667F6271C6900002ED4C5 /* Gradient.swift in Sources */ = {isa = PBXBuildFile; fileRef = EF9667F5271C6900002ED4C5 /* Gradient.swift */; };
		EFA2EFE42768E34E0008463F /* LoginAPI.swift in Sources */ = {isa = PBXBuildFile; fileRef = EFA2EFE32768E34E0008463F /* LoginAPI.swift */; };
		EFA2EFEE2768E3D80008463F /* DomainNameConfig.swift in Sources */ = {isa = PBXBuildFile; fileRef = EFA2EFED2768E3D80008463F /* DomainNameConfig.swift */; };
		EFA2EFF62768E6E60008463F /* GetLoginRequest.swift in Sources */ = {isa = PBXBuildFile; fileRef = EFA2EFF52768E6E60008463F /* GetLoginRequest.swift */; };
		EFA2EFF82768E77D0008463F /* Encodable+Extension.swift in Sources */ = {isa = PBXBuildFile; fileRef = EFA2EFF72768E77C0008463F /* Encodable+Extension.swift */; };
		EFA2EFFA2768E8A50008463F /* LoginRepository.swift in Sources */ = {isa = PBXBuildFile; fileRef = EFA2EFF92768E8A50008463F /* LoginRepository.swift */; };
		EFA2EFFC2768E8ED0008463F /* GetLoginResponse.swift in Sources */ = {isa = PBXBuildFile; fileRef = EFA2EFFB2768E8ED0008463F /* GetLoginResponse.swift */; };
		EFA2EFFF2768E9970008463F /* CodableInfixOperator.swift in Sources */ = {isa = PBXBuildFile; fileRef = EFA2EFFE2768E9970008463F /* CodableInfixOperator.swift */; };
		EFA2F0012768E9C70008463F /* Utils.swift in Sources */ = {isa = PBXBuildFile; fileRef = EFA2F0002768E9C70008463F /* Utils.swift */; };
		EFA2F0082768EA370008463F /* AnyKey.swift in Sources */ = {isa = PBXBuildFile; fileRef = EFA2F0072768EA370008463F /* AnyKey.swift */; };
		EFA2F00A2768EA620008463F /* Decodable+Extension.swift in Sources */ = {isa = PBXBuildFile; fileRef = EFA2F0092768EA620008463F /* Decodable+Extension.swift */; };
		EFA2F00C2768EA750008463F /* Decoder+Extension.swift in Sources */ = {isa = PBXBuildFile; fileRef = EFA2F00B2768EA750008463F /* Decoder+Extension.swift */; };
		EFA2F00E2768EAA40008463F /* KeyedDecodingContainer+Extension.swift in Sources */ = {isa = PBXBuildFile; fileRef = EFA2F00D2768EAA40008463F /* KeyedDecodingContainer+Extension.swift */; };
		EFA2F0132768EEEB0008463F /* GetLoginUseCase.swift in Sources */ = {isa = PBXBuildFile; fileRef = EFA2F0122768EEEB0008463F /* GetLoginUseCase.swift */; };
		EFB00826277AA91700BAE2EE /* GetProductDetailInfo3Response.swift in Sources */ = {isa = PBXBuildFile; fileRef = EFB00825277AA91700BAE2EE /* GetProductDetailInfo3Response.swift */; };
		EFB0082A277AAA6800BAE2EE /* GetProductDetailInfo3UseCase.swift in Sources */ = {isa = PBXBuildFile; fileRef = EFB00829277AAA6800BAE2EE /* GetProductDetailInfo3UseCase.swift */; };
		EFB0082C277AB1F800BAE2EE /* Date+Extension.swift in Sources */ = {isa = PBXBuildFile; fileRef = EFB0082B277AB1F800BAE2EE /* Date+Extension.swift */; };
		EFB00834277AB5FE00BAE2EE /* GetSimilarRelatedPartResponse.swift in Sources */ = {isa = PBXBuildFile; fileRef = EFB00833277AB5FE00BAE2EE /* GetSimilarRelatedPartResponse.swift */; };
		EFB00836277AB61B00BAE2EE /* GetSimilarRelatedPartUseCase.swift in Sources */ = {isa = PBXBuildFile; fileRef = EFB00835277AB61B00BAE2EE /* GetSimilarRelatedPartUseCase.swift */; };
		EFB0083A277ADCCB00BAE2EE /* CustomerProfileViewModel.swift in Sources */ = {isa = PBXBuildFile; fileRef = EFB00839277ADCCB00BAE2EE /* CustomerProfileViewModel.swift */; };
		EFB0083D277ADE0400BAE2EE /* CustomerProfileAPI.swift in Sources */ = {isa = PBXBuildFile; fileRef = EFB0083C277ADE0400BAE2EE /* CustomerProfileAPI.swift */; };
		EFB00841277ADE2E00BAE2EE /* GetCustomerProfileRequest.swift in Sources */ = {isa = PBXBuildFile; fileRef = EFB00840277ADE2E00BAE2EE /* GetCustomerProfileRequest.swift */; };
		EFB00844277ADE3C00BAE2EE /* GetCustomerProfileResponse.swift in Sources */ = {isa = PBXBuildFile; fileRef = EFB00843277ADE3C00BAE2EE /* GetCustomerProfileResponse.swift */; };
		EFB00846277AE67500BAE2EE /* CustomerProfileRepository.swift in Sources */ = {isa = PBXBuildFile; fileRef = EFB00845277AE67500BAE2EE /* CustomerProfileRepository.swift */; };
		EFB00849277AE6E700BAE2EE /* GetCustomerProfileUseCase.swift in Sources */ = {isa = PBXBuildFile; fileRef = EFB00848277AE6E700BAE2EE /* GetCustomerProfileUseCase.swift */; };
		EFB0084B277AF81C00BAE2EE /* UILable+Extension.swift in Sources */ = {isa = PBXBuildFile; fileRef = EFB0084A277AF81C00BAE2EE /* UILable+Extension.swift */; };
		EFEA18AA2641989600251F19 /* ProductInfoListViewController.swift in Sources */ = {isa = PBXBuildFile; fileRef = EFEA18A92641989600251F19 /* ProductInfoListViewController.swift */; };
		EFEA18AE2641989C00251F19 /* ProductInfoList.storyboard in Resources */ = {isa = PBXBuildFile; fileRef = EFEA18AD2641989C00251F19 /* ProductInfoList.storyboard */; };
		EFEA18BE2641A24600251F19 /* ProductInfoListTableViewCell.swift in Sources */ = {isa = PBXBuildFile; fileRef = EFEA18BC2641A24600251F19 /* ProductInfoListTableViewCell.swift */; };
		EFEA18BF2641A24600251F19 /* ProductInfoListTableViewCell.xib in Resources */ = {isa = PBXBuildFile; fileRef = EFEA18BD2641A24600251F19 /* ProductInfoListTableViewCell.xib */; };
		EFEA18C82641AD2000251F19 /* CustomerInfoList.storyboard in Resources */ = {isa = PBXBuildFile; fileRef = EFEA18C72641AD2000251F19 /* CustomerInfoList.storyboard */; };
		EFEA18CB2641AD2D00251F19 /* CustomerInfoListViewController.swift in Sources */ = {isa = PBXBuildFile; fileRef = EFEA18CA2641AD2D00251F19 /* CustomerInfoListViewController.swift */; };
		EFEA18F02641B02A00251F19 /* CustomerInfoListTableViewCell.swift in Sources */ = {isa = PBXBuildFile; fileRef = EFEA18EE2641B02A00251F19 /* CustomerInfoListTableViewCell.swift */; };
		EFEA18F12641B02A00251F19 /* CustomerInfoListTableViewCell.xib in Resources */ = {isa = PBXBuildFile; fileRef = EFEA18EF2641B02A00251F19 /* CustomerInfoListTableViewCell.xib */; };
		EFED23D52612106000BD0CD7 /* LoginViewModel.swift in Sources */ = {isa = PBXBuildFile; fileRef = EFED23D42612106000BD0CD7 /* LoginViewModel.swift */; };
		EFED23F0261217FA00BD0CD7 /* UIColor+Extension.swift in Sources */ = {isa = PBXBuildFile; fileRef = EFED23EF261217FA00BD0CD7 /* UIColor+Extension.swift */; };
		EFED24182612461800BD0CD7 /* UserDefaults+Extension.swift in Sources */ = {isa = PBXBuildFile; fileRef = EFED24172612461800BD0CD7 /* UserDefaults+Extension.swift */; };
		EFF00AD226B1CD6200A7C77D /* CustomerInfoHeaderTableViewCell.swift in Sources */ = {isa = PBXBuildFile; fileRef = EFF00AD026B1CD6200A7C77D /* CustomerInfoHeaderTableViewCell.swift */; };
		EFF00AD326B1CD6200A7C77D /* CustomerInfoHeaderTableViewCell.xib in Resources */ = {isa = PBXBuildFile; fileRef = EFF00AD126B1CD6200A7C77D /* CustomerInfoHeaderTableViewCell.xib */; };
		EFF00AD726B1CF0100A7C77D /* ProductInfoHeaderTableViewCell.swift in Sources */ = {isa = PBXBuildFile; fileRef = EFF00AD526B1CF0100A7C77D /* ProductInfoHeaderTableViewCell.swift */; };
		EFF00AD826B1CF0100A7C77D /* ProductInfoHeaderTableViewCell.xib in Resources */ = {isa = PBXBuildFile; fileRef = EFF00AD626B1CF0100A7C77D /* ProductInfoHeaderTableViewCell.xib */; };
/* End PBXBuildFile section */

/* Begin PBXFileReference section */
		13414C314681D4E64E22F4BB /* Pods-EsAppiOS.debug.xcconfig */ = {isa = PBXFileReference; includeInIndex = 1; lastKnownFileType = text.xcconfig; name = "Pods-EsAppiOS.debug.xcconfig"; path = "Target Support Files/Pods-EsAppiOS/Pods-EsAppiOS.debug.xcconfig"; sourceTree = "<group>"; };
		29CF7B94345025EA7C5AFDB0 /* Pods_EsAppiOS.framework */ = {isa = PBXFileReference; explicitFileType = wrapper.framework; includeInIndex = 0; path = Pods_EsAppiOS.framework; sourceTree = BUILT_PRODUCTS_DIR; };
		C3D71E7A6B69E9FC300AD523 /* Pods-EsAppiOS.release.xcconfig */ = {isa = PBXFileReference; includeInIndex = 1; lastKnownFileType = text.xcconfig; name = "Pods-EsAppiOS.release.xcconfig"; path = "Target Support Files/Pods-EsAppiOS/Pods-EsAppiOS.release.xcconfig"; sourceTree = "<group>"; };
		EF0C9971276BA08200C722F5 /* CustomerInfoListViewModel.swift */ = {isa = PBXFileReference; lastKnownFileType = sourcecode.swift; path = CustomerInfoListViewModel.swift; sourceTree = "<group>"; };
		EF1623CC276EFE5000A3712C /* ProductDetailAPI.swift */ = {isa = PBXFileReference; lastKnownFileType = sourcecode.swift; path = ProductDetailAPI.swift; sourceTree = "<group>"; };
		EF1623D8276F012800A3712C /* ProductDetailRepository.swift */ = {isa = PBXFileReference; lastKnownFileType = sourcecode.swift; path = ProductDetailRepository.swift; sourceTree = "<group>"; };
		EF1623DA276F016000A3712C /* GetProductDetailInfo2Response.swift */ = {isa = PBXFileReference; lastKnownFileType = sourcecode.swift; path = GetProductDetailInfo2Response.swift; sourceTree = "<group>"; };
		EF1623DD276F02AC00A3712C /* GetProductDetailInfo2UseCase.swift */ = {isa = PBXFileReference; lastKnownFileType = sourcecode.swift; path = GetProductDetailInfo2UseCase.swift; sourceTree = "<group>"; };
		EF1623E0276F047B00A3712C /* ProductInfoViewModel.swift */ = {isa = PBXFileReference; lastKnownFileType = sourcecode.swift; path = ProductInfoViewModel.swift; sourceTree = "<group>"; };
		EF1623E2276F10CB00A3712C /* UIImageView+Kingfisher.swift */ = {isa = PBXFileReference; lastKnownFileType = sourcecode.swift; path = "UIImageView+Kingfisher.swift"; sourceTree = "<group>"; };
		EF22CC622648073400E5438F /* CustomerInfoDetailViewController.swift */ = {isa = PBXFileReference; lastKnownFileType = sourcecode.swift; path = CustomerInfoDetailViewController.swift; sourceTree = "<group>"; };
		EF22CC652648073A00E5438F /* CustomerInfoDetail.storyboard */ = {isa = PBXFileReference; lastKnownFileType = file.storyboard; path = CustomerInfoDetail.storyboard; sourceTree = "<group>"; };
		EF22CC6A26480A2000E5438F /* CustomerInfoDetailTableViewCell.swift */ = {isa = PBXFileReference; lastKnownFileType = sourcecode.swift; path = CustomerInfoDetailTableViewCell.swift; sourceTree = "<group>"; };
		EF22CC6B26480A2000E5438F /* CustomerInfoDetailTableViewCell.xib */ = {isa = PBXFileReference; lastKnownFileType = file.xib; path = CustomerInfoDetailTableViewCell.xib; sourceTree = "<group>"; };
		EF22CC7026480F8000E5438F /* CustomerInfoDetailListModel.swift */ = {isa = PBXFileReference; lastKnownFileType = sourcecode.swift; path = CustomerInfoDetailListModel.swift; sourceTree = "<group>"; };
		EF22CC742648140300E5438F /* PopupView.storyboard */ = {isa = PBXFileReference; lastKnownFileType = file.storyboard; path = PopupView.storyboard; sourceTree = "<group>"; };
		EF22CC772648141500E5438F /* PopupViewController.swift */ = {isa = PBXFileReference; lastKnownFileType = sourcecode.swift; path = PopupViewController.swift; sourceTree = "<group>"; };
		EF22CC7A26484C9800E5438F /* supermarket.ttf */ = {isa = PBXFileReference; lastKnownFileType = file; path = supermarket.ttf; sourceTree = "<group>"; };
		EF239BF626384F3900983EA8 /* SimilarRelatedHeaderTableViewCell.swift */ = {isa = PBXFileReference; lastKnownFileType = sourcecode.swift; path = SimilarRelatedHeaderTableViewCell.swift; sourceTree = "<group>"; };
		EF239BF926384F3E00983EA8 /* SimilarRelatedHeaderTableViewCell.xib */ = {isa = PBXFileReference; lastKnownFileType = file.xib; path = SimilarRelatedHeaderTableViewCell.xib; sourceTree = "<group>"; };
		EF239BFD26384F5800983EA8 /* SimilarRelatedListTableViewCell.swift */ = {isa = PBXFileReference; lastKnownFileType = sourcecode.swift; path = SimilarRelatedListTableViewCell.swift; sourceTree = "<group>"; };
		EF239BFE26384F5800983EA8 /* SimilarRelatedListTableViewCell.xib */ = {isa = PBXFileReference; lastKnownFileType = file.xib; path = SimilarRelatedListTableViewCell.xib; sourceTree = "<group>"; };
		EF29F428260E316200ABE46D /* UIViewController+Extension.swift */ = {isa = PBXFileReference; lastKnownFileType = sourcecode.swift; path = "UIViewController+Extension.swift"; sourceTree = "<group>"; };
		EF29F431260E32B200ABE46D /* UITextField+Extension.swift */ = {isa = PBXFileReference; lastKnownFileType = sourcecode.swift; path = "UITextField+Extension.swift"; sourceTree = "<group>"; };
		EF29F434260E35EA00ABE46D /* UIButton+Extension.swift */ = {isa = PBXFileReference; lastKnownFileType = sourcecode.swift; path = "UIButton+Extension.swift"; sourceTree = "<group>"; };
		EF29F43B260E44DB00ABE46D /* SceneOpen.swift */ = {isa = PBXFileReference; lastKnownFileType = sourcecode.swift; path = SceneOpen.swift; sourceTree = "<group>"; };
		EF29F43F260E456000ABE46D /* NavigationManager.swift */ = {isa = PBXFileReference; lastKnownFileType = sourcecode.swift; path = NavigationManager.swift; sourceTree = "<group>"; };
		EF29F442260E576800ABE46D /* UIImageView+Extension.swift */ = {isa = PBXFileReference; lastKnownFileType = sourcecode.swift; path = "UIImageView+Extension.swift"; sourceTree = "<group>"; };
		EF39943E26340E1D00BBC189 /* PriceTableModel.swift */ = {isa = PBXFileReference; lastKnownFileType = sourcecode.swift; path = PriceTableModel.swift; sourceTree = "<group>"; };
		EF3994442634100700BBC189 /* InventoryHeaderTableViewCell.swift */ = {isa = PBXFileReference; lastKnownFileType = sourcecode.swift; path = InventoryHeaderTableViewCell.swift; sourceTree = "<group>"; };
		EF3994472634101200BBC189 /* InventoryHeaderTableViewCell.xib */ = {isa = PBXFileReference; lastKnownFileType = file.xib; path = InventoryHeaderTableViewCell.xib; sourceTree = "<group>"; };
		EF39944A2634102800BBC189 /* InventoryListTableViewCell.swift */ = {isa = PBXFileReference; lastKnownFileType = sourcecode.swift; path = InventoryListTableViewCell.swift; sourceTree = "<group>"; };
		EF39944B2634102800BBC189 /* InventoryListTableViewCell.xib */ = {isa = PBXFileReference; lastKnownFileType = file.xib; path = InventoryListTableViewCell.xib; sourceTree = "<group>"; };
		EF39944F263412FE00BBC189 /* InventoryTableModel.swift */ = {isa = PBXFileReference; lastKnownFileType = sourcecode.swift; path = InventoryTableModel.swift; sourceTree = "<group>"; };
		EF3994532634218A00BBC189 /* InventoryFooterTableViewCell.swift */ = {isa = PBXFileReference; lastKnownFileType = sourcecode.swift; path = InventoryFooterTableViewCell.swift; sourceTree = "<group>"; };
		EF3994562634219100BBC189 /* InventoryFooterTableViewCell.xib */ = {isa = PBXFileReference; lastKnownFileType = file.xib; path = InventoryFooterTableViewCell.xib; sourceTree = "<group>"; };
		EF399460263429ED00BBC189 /* ShipmentHeaderTableViewCell.swift */ = {isa = PBXFileReference; lastKnownFileType = sourcecode.swift; path = ShipmentHeaderTableViewCell.swift; sourceTree = "<group>"; };
		EF399464263429F300BBC189 /* ShipmentHeaderTableViewCell.xib */ = {isa = PBXFileReference; lastKnownFileType = file.xib; path = ShipmentHeaderTableViewCell.xib; sourceTree = "<group>"; };
		EF39946C26342A2900BBC189 /* ShipmentListTableViewCell.swift */ = {isa = PBXFileReference; lastKnownFileType = sourcecode.swift; path = ShipmentListTableViewCell.swift; sourceTree = "<group>"; };
		EF39946D26342A2900BBC189 /* ShipmentListTableViewCell.xib */ = {isa = PBXFileReference; lastKnownFileType = file.xib; path = ShipmentListTableViewCell.xib; sourceTree = "<group>"; };
		EF39947226342D0E00BBC189 /* ShipmentTableModel.swift */ = {isa = PBXFileReference; lastKnownFileType = sourcecode.swift; path = ShipmentTableModel.swift; sourceTree = "<group>"; };
		EF39949A26343F8200BBC189 /* ProductSpecificationTableViewCell.swift */ = {isa = PBXFileReference; lastKnownFileType = sourcecode.swift; path = ProductSpecificationTableViewCell.swift; sourceTree = "<group>"; };
		EF39949B26343F8200BBC189 /* ProductSpecificationTableViewCell.xib */ = {isa = PBXFileReference; lastKnownFileType = file.xib; path = ProductSpecificationTableViewCell.xib; sourceTree = "<group>"; };
		EF39949F26343F9500BBC189 /* ProductInformationTableViewCell.swift */ = {isa = PBXFileReference; lastKnownFileType = sourcecode.swift; path = ProductInformationTableViewCell.swift; sourceTree = "<group>"; };
		EF3994A026343F9500BBC189 /* ProductInformationTableViewCell.xib */ = {isa = PBXFileReference; lastKnownFileType = file.xib; path = ProductInformationTableViewCell.xib; sourceTree = "<group>"; };
		EF3994AB2634454C00BBC189 /* ProductTableModel.swift */ = {isa = PBXFileReference; lastKnownFileType = sourcecode.swift; path = ProductTableModel.swift; sourceTree = "<group>"; };
		EF47885F2764651400746A59 /* BadgeSaleManView.swift */ = {isa = PBXFileReference; lastKnownFileType = sourcecode.swift; path = BadgeSaleManView.swift; sourceTree = "<group>"; };
		EF4788612764651F00746A59 /* BadgeSaleManView.xib */ = {isa = PBXFileReference; lastKnownFileType = file.xib; path = BadgeSaleManView.xib; sourceTree = "<group>"; };
		EF50D8CB26F73CCD008F11D7 /* CustomerProfile.storyboard */ = {isa = PBXFileReference; lastKnownFileType = file.storyboard; path = CustomerProfile.storyboard; sourceTree = "<group>"; };
		EF50D8CF26F73D5A008F11D7 /* CustomerProfileViewController.swift */ = {isa = PBXFileReference; lastKnownFileType = sourcecode.swift; path = CustomerProfileViewController.swift; sourceTree = "<group>"; };
		EF50D8D626F75771008F11D7 /* ContactHeaderTableViewCell.swift */ = {isa = PBXFileReference; lastKnownFileType = sourcecode.swift; path = ContactHeaderTableViewCell.swift; sourceTree = "<group>"; };
		EF50D8D726F75771008F11D7 /* ContactHeaderTableViewCell.xib */ = {isa = PBXFileReference; lastKnownFileType = file.xib; path = ContactHeaderTableViewCell.xib; sourceTree = "<group>"; };
		EF50D8DA26F7577D008F11D7 /* ContactItemTableViewCell.swift */ = {isa = PBXFileReference; lastKnownFileType = sourcecode.swift; path = ContactItemTableViewCell.swift; sourceTree = "<group>"; };
		EF50D8DB26F7577D008F11D7 /* ContactItemTableViewCell.xib */ = {isa = PBXFileReference; lastKnownFileType = file.xib; path = ContactItemTableViewCell.xib; sourceTree = "<group>"; };
		EF5242C9262AADC90071572B /* ProductInfo.storyboard */ = {isa = PBXFileReference; lastKnownFileType = file.storyboard; path = ProductInfo.storyboard; sourceTree = "<group>"; };
		EF5242CC262AADDA0071572B /* ProductInfoViewController.swift */ = {isa = PBXFileReference; lastKnownFileType = sourcecode.swift; path = ProductInfoViewController.swift; sourceTree = "<group>"; };
		EF5242D1262AC96F0071572B /* RobotoCondensed-Light.ttf */ = {isa = PBXFileReference; lastKnownFileType = file; path = "RobotoCondensed-Light.ttf"; sourceTree = "<group>"; };
		EF5242D3262AC96F0071572B /* RobotoCondensed-Bold.ttf */ = {isa = PBXFileReference; lastKnownFileType = file; path = "RobotoCondensed-Bold.ttf"; sourceTree = "<group>"; };
		EF5242D4262AC96F0071572B /* RobotoCondensed-Regular.ttf */ = {isa = PBXFileReference; lastKnownFileType = file; path = "RobotoCondensed-Regular.ttf"; sourceTree = "<group>"; };
		EF5242E0262ADDD60071572B /* ImageCollectionViewCell.swift */ = {isa = PBXFileReference; lastKnownFileType = sourcecode.swift; path = ImageCollectionViewCell.swift; sourceTree = "<group>"; };
		EF5242E1262ADDD60071572B /* ImageCollectionViewCell.xib */ = {isa = PBXFileReference; lastKnownFileType = file.xib; path = ImageCollectionViewCell.xib; sourceTree = "<group>"; };
		EF529450260D860800C3EF64 /* EsAppiOS.app */ = {isa = PBXFileReference; explicitFileType = wrapper.application; includeInIndex = 0; path = EsAppiOS.app; sourceTree = BUILT_PRODUCTS_DIR; };
		EF529453260D860800C3EF64 /* AppDelegate.swift */ = {isa = PBXFileReference; lastKnownFileType = sourcecode.swift; path = AppDelegate.swift; sourceTree = "<group>"; };
		EF52945C260D860800C3EF64 /* Assets.xcassets */ = {isa = PBXFileReference; lastKnownFileType = folder.assetcatalog; path = Assets.xcassets; sourceTree = "<group>"; };
		EF52945F260D860800C3EF64 /* Base */ = {isa = PBXFileReference; lastKnownFileType = file.storyboard; name = Base; path = Base.lproj/LaunchScreen.storyboard; sourceTree = "<group>"; };
		EF529461260D860800C3EF64 /* Info.plist */ = {isa = PBXFileReference; lastKnownFileType = text.plist.xml; path = Info.plist; sourceTree = "<group>"; };
		EF52946C260D886D00C3EF64 /* SplashViewController.swift */ = {isa = PBXFileReference; lastKnownFileType = sourcecode.swift; path = SplashViewController.swift; sourceTree = "<group>"; };
		EF52946F260D887400C3EF64 /* Splash.storyboard */ = {isa = PBXFileReference; lastKnownFileType = file.storyboard; path = Splash.storyboard; sourceTree = "<group>"; };
		EF529473260D89E000C3EF64 /* Color.xcassets */ = {isa = PBXFileReference; lastKnownFileType = folder.assetcatalog; path = Color.xcassets; sourceTree = "<group>"; };
		EF52947A260D96BB00C3EF64 /* Login.storyboard */ = {isa = PBXFileReference; lastKnownFileType = file.storyboard; path = Login.storyboard; sourceTree = "<group>"; };
		EF52947D260D96C500C3EF64 /* LoginViewController.swift */ = {isa = PBXFileReference; lastKnownFileType = sourcecode.swift; path = LoginViewController.swift; sourceTree = "<group>"; };
		EF529481260D97FF00C3EF64 /* Extension+Notification.swift */ = {isa = PBXFileReference; lastKnownFileType = sourcecode.swift; path = "Extension+Notification.swift"; sourceTree = "<group>"; };
		EF74ED13262D2D1700E420C8 /* PriceListTableViewCell.swift */ = {isa = PBXFileReference; lastKnownFileType = sourcecode.swift; path = PriceListTableViewCell.swift; sourceTree = "<group>"; };
		EF74ED14262D2D1700E420C8 /* PriceListTableViewCell.xib */ = {isa = PBXFileReference; lastKnownFileType = file.xib; path = PriceListTableViewCell.xib; sourceTree = "<group>"; };
		EF74ED1A262D2D6500E420C8 /* PriceHeaderTableViewCell.swift */ = {isa = PBXFileReference; lastKnownFileType = sourcecode.swift; path = PriceHeaderTableViewCell.swift; sourceTree = "<group>"; };
		EF74ED1E262D2D7F00E420C8 /* PriceHeaderTableViewCell.xib */ = {isa = PBXFileReference; lastKnownFileType = file.xib; path = PriceHeaderTableViewCell.xib; sourceTree = "<group>"; };
		EF7D56FA260EF918004EE94A /* UIFont+Extension.swift */ = {isa = PBXFileReference; lastKnownFileType = sourcecode.swift; path = "UIFont+Extension.swift"; sourceTree = "<group>"; };
		EF7D56FD260EFD99004EE94A /* UIView+Extension.swift */ = {isa = PBXFileReference; lastKnownFileType = sourcecode.swift; path = "UIView+Extension.swift"; sourceTree = "<group>"; };
		EF7F08C5278EC8B300FE4E9C /* EmptyTableViewCell.swift */ = {isa = PBXFileReference; lastKnownFileType = sourcecode.swift; path = EmptyTableViewCell.swift; sourceTree = "<group>"; };
		EF7F08C6278EC8B300FE4E9C /* EmptyTableViewCell.xib */ = {isa = PBXFileReference; lastKnownFileType = file.xib; path = EmptyTableViewCell.xib; sourceTree = "<group>"; };
		EF849DDB276A40030010FEF0 /* GetInfoLevel1Request.swift */ = {isa = PBXFileReference; lastKnownFileType = sourcecode.swift; path = GetInfoLevel1Request.swift; sourceTree = "<group>"; };
		EF849DE0276A40770010FEF0 /* InfoLevel1API.swift */ = {isa = PBXFileReference; lastKnownFileType = sourcecode.swift; path = InfoLevel1API.swift; sourceTree = "<group>"; };
		EF849DE2276A409E0010FEF0 /* InfoLevel1Repository.swift */ = {isa = PBXFileReference; lastKnownFileType = sourcecode.swift; path = InfoLevel1Repository.swift; sourceTree = "<group>"; };
		EF849DE4276A40F40010FEF0 /* GetProductInfoResponse.swift */ = {isa = PBXFileReference; lastKnownFileType = sourcecode.swift; path = GetProductInfoResponse.swift; sourceTree = "<group>"; };
		EF849DE6276A40FE0010FEF0 /* GetCustomerInfoResponse.swift */ = {isa = PBXFileReference; lastKnownFileType = sourcecode.swift; path = GetCustomerInfoResponse.swift; sourceTree = "<group>"; };
		EF849DEA276A42EC0010FEF0 /* GetProductInfoUseCase.swift */ = {isa = PBXFileReference; lastKnownFileType = sourcecode.swift; path = GetProductInfoUseCase.swift; sourceTree = "<group>"; };
		EF849DEC276A42FB0010FEF0 /* GetCustomerInfoUseCase.swift */ = {isa = PBXFileReference; lastKnownFileType = sourcecode.swift; path = GetCustomerInfoUseCase.swift; sourceTree = "<group>"; };
		EF849DEF276A43FE0010FEF0 /* ProductInfoListViewModel.swift */ = {isa = PBXFileReference; lastKnownFileType = sourcecode.swift; path = ProductInfoListViewModel.swift; sourceTree = "<group>"; };
		EF849DF1276A487A0010FEF0 /* AnyCodableValue.swift */ = {isa = PBXFileReference; lastKnownFileType = sourcecode.swift; path = AnyCodableValue.swift; sourceTree = "<group>"; };
		EF95F42D27723BB3007CA109 /* GetProductDetailInfoRequest.swift */ = {isa = PBXFileReference; lastKnownFileType = sourcecode.swift; path = GetProductDetailInfoRequest.swift; sourceTree = "<group>"; };
		EF9667F5271C6900002ED4C5 /* Gradient.swift */ = {isa = PBXFileReference; lastKnownFileType = sourcecode.swift; path = Gradient.swift; sourceTree = "<group>"; };
		EFA2EFE32768E34E0008463F /* LoginAPI.swift */ = {isa = PBXFileReference; lastKnownFileType = sourcecode.swift; path = LoginAPI.swift; sourceTree = "<group>"; };
		EFA2EFED2768E3D80008463F /* DomainNameConfig.swift */ = {isa = PBXFileReference; lastKnownFileType = sourcecode.swift; path = DomainNameConfig.swift; sourceTree = "<group>"; };
		EFA2EFF52768E6E60008463F /* GetLoginRequest.swift */ = {isa = PBXFileReference; lastKnownFileType = sourcecode.swift; path = GetLoginRequest.swift; sourceTree = "<group>"; };
		EFA2EFF72768E77C0008463F /* Encodable+Extension.swift */ = {isa = PBXFileReference; lastKnownFileType = sourcecode.swift; path = "Encodable+Extension.swift"; sourceTree = "<group>"; };
		EFA2EFF92768E8A50008463F /* LoginRepository.swift */ = {isa = PBXFileReference; lastKnownFileType = sourcecode.swift; path = LoginRepository.swift; sourceTree = "<group>"; };
		EFA2EFFB2768E8ED0008463F /* GetLoginResponse.swift */ = {isa = PBXFileReference; lastKnownFileType = sourcecode.swift; path = GetLoginResponse.swift; sourceTree = "<group>"; };
		EFA2EFFE2768E9970008463F /* CodableInfixOperator.swift */ = {isa = PBXFileReference; lastKnownFileType = sourcecode.swift; path = CodableInfixOperator.swift; sourceTree = "<group>"; };
		EFA2F0002768E9C70008463F /* Utils.swift */ = {isa = PBXFileReference; lastKnownFileType = sourcecode.swift; path = Utils.swift; sourceTree = "<group>"; };
		EFA2F0072768EA370008463F /* AnyKey.swift */ = {isa = PBXFileReference; lastKnownFileType = sourcecode.swift; path = AnyKey.swift; sourceTree = "<group>"; };
		EFA2F0092768EA620008463F /* Decodable+Extension.swift */ = {isa = PBXFileReference; lastKnownFileType = sourcecode.swift; path = "Decodable+Extension.swift"; sourceTree = "<group>"; };
		EFA2F00B2768EA750008463F /* Decoder+Extension.swift */ = {isa = PBXFileReference; lastKnownFileType = sourcecode.swift; path = "Decoder+Extension.swift"; sourceTree = "<group>"; };
		EFA2F00D2768EAA40008463F /* KeyedDecodingContainer+Extension.swift */ = {isa = PBXFileReference; lastKnownFileType = sourcecode.swift; path = "KeyedDecodingContainer+Extension.swift"; sourceTree = "<group>"; };
		EFA2F0122768EEEB0008463F /* GetLoginUseCase.swift */ = {isa = PBXFileReference; lastKnownFileType = sourcecode.swift; path = GetLoginUseCase.swift; sourceTree = "<group>"; };
		EFB00825277AA91700BAE2EE /* GetProductDetailInfo3Response.swift */ = {isa = PBXFileReference; lastKnownFileType = sourcecode.swift; path = GetProductDetailInfo3Response.swift; sourceTree = "<group>"; };
		EFB00829277AAA6800BAE2EE /* GetProductDetailInfo3UseCase.swift */ = {isa = PBXFileReference; lastKnownFileType = sourcecode.swift; path = GetProductDetailInfo3UseCase.swift; sourceTree = "<group>"; };
		EFB0082B277AB1F800BAE2EE /* Date+Extension.swift */ = {isa = PBXFileReference; lastKnownFileType = sourcecode.swift; path = "Date+Extension.swift"; sourceTree = "<group>"; };
		EFB00833277AB5FE00BAE2EE /* GetSimilarRelatedPartResponse.swift */ = {isa = PBXFileReference; lastKnownFileType = sourcecode.swift; path = GetSimilarRelatedPartResponse.swift; sourceTree = "<group>"; };
		EFB00835277AB61B00BAE2EE /* GetSimilarRelatedPartUseCase.swift */ = {isa = PBXFileReference; lastKnownFileType = sourcecode.swift; path = GetSimilarRelatedPartUseCase.swift; sourceTree = "<group>"; };
		EFB00839277ADCCB00BAE2EE /* CustomerProfileViewModel.swift */ = {isa = PBXFileReference; lastKnownFileType = sourcecode.swift; path = CustomerProfileViewModel.swift; sourceTree = "<group>"; };
		EFB0083C277ADE0400BAE2EE /* CustomerProfileAPI.swift */ = {isa = PBXFileReference; lastKnownFileType = sourcecode.swift; path = CustomerProfileAPI.swift; sourceTree = "<group>"; };
		EFB00840277ADE2E00BAE2EE /* GetCustomerProfileRequest.swift */ = {isa = PBXFileReference; lastKnownFileType = sourcecode.swift; path = GetCustomerProfileRequest.swift; sourceTree = "<group>"; };
		EFB00843277ADE3C00BAE2EE /* GetCustomerProfileResponse.swift */ = {isa = PBXFileReference; lastKnownFileType = sourcecode.swift; path = GetCustomerProfileResponse.swift; sourceTree = "<group>"; };
		EFB00845277AE67500BAE2EE /* CustomerProfileRepository.swift */ = {isa = PBXFileReference; lastKnownFileType = sourcecode.swift; path = CustomerProfileRepository.swift; sourceTree = "<group>"; };
		EFB00848277AE6E700BAE2EE /* GetCustomerProfileUseCase.swift */ = {isa = PBXFileReference; lastKnownFileType = sourcecode.swift; path = GetCustomerProfileUseCase.swift; sourceTree = "<group>"; };
		EFB0084A277AF81C00BAE2EE /* UILable+Extension.swift */ = {isa = PBXFileReference; lastKnownFileType = sourcecode.swift; path = "UILable+Extension.swift"; sourceTree = "<group>"; };
		EFEA18A92641989600251F19 /* ProductInfoListViewController.swift */ = {isa = PBXFileReference; lastKnownFileType = sourcecode.swift; path = ProductInfoListViewController.swift; sourceTree = "<group>"; };
		EFEA18AD2641989C00251F19 /* ProductInfoList.storyboard */ = {isa = PBXFileReference; lastKnownFileType = file.storyboard; path = ProductInfoList.storyboard; sourceTree = "<group>"; };
		EFEA18BC2641A24600251F19 /* ProductInfoListTableViewCell.swift */ = {isa = PBXFileReference; lastKnownFileType = sourcecode.swift; path = ProductInfoListTableViewCell.swift; sourceTree = "<group>"; };
		EFEA18BD2641A24600251F19 /* ProductInfoListTableViewCell.xib */ = {isa = PBXFileReference; lastKnownFileType = file.xib; path = ProductInfoListTableViewCell.xib; sourceTree = "<group>"; };
		EFEA18C72641AD2000251F19 /* CustomerInfoList.storyboard */ = {isa = PBXFileReference; lastKnownFileType = file.storyboard; path = CustomerInfoList.storyboard; sourceTree = "<group>"; };
		EFEA18CA2641AD2D00251F19 /* CustomerInfoListViewController.swift */ = {isa = PBXFileReference; lastKnownFileType = sourcecode.swift; path = CustomerInfoListViewController.swift; sourceTree = "<group>"; };
		EFEA18EE2641B02A00251F19 /* CustomerInfoListTableViewCell.swift */ = {isa = PBXFileReference; lastKnownFileType = sourcecode.swift; path = CustomerInfoListTableViewCell.swift; sourceTree = "<group>"; };
		EFEA18EF2641B02A00251F19 /* CustomerInfoListTableViewCell.xib */ = {isa = PBXFileReference; lastKnownFileType = file.xib; path = CustomerInfoListTableViewCell.xib; sourceTree = "<group>"; };
		EFED23D42612106000BD0CD7 /* LoginViewModel.swift */ = {isa = PBXFileReference; lastKnownFileType = sourcecode.swift; path = LoginViewModel.swift; sourceTree = "<group>"; };
		EFED23EF261217FA00BD0CD7 /* UIColor+Extension.swift */ = {isa = PBXFileReference; lastKnownFileType = sourcecode.swift; path = "UIColor+Extension.swift"; sourceTree = "<group>"; };
		EFED24172612461800BD0CD7 /* UserDefaults+Extension.swift */ = {isa = PBXFileReference; lastKnownFileType = sourcecode.swift; path = "UserDefaults+Extension.swift"; sourceTree = "<group>"; };
		EFF00AD026B1CD6200A7C77D /* CustomerInfoHeaderTableViewCell.swift */ = {isa = PBXFileReference; lastKnownFileType = sourcecode.swift; path = CustomerInfoHeaderTableViewCell.swift; sourceTree = "<group>"; };
		EFF00AD126B1CD6200A7C77D /* CustomerInfoHeaderTableViewCell.xib */ = {isa = PBXFileReference; lastKnownFileType = file.xib; path = CustomerInfoHeaderTableViewCell.xib; sourceTree = "<group>"; };
		EFF00AD526B1CF0100A7C77D /* ProductInfoHeaderTableViewCell.swift */ = {isa = PBXFileReference; lastKnownFileType = sourcecode.swift; path = ProductInfoHeaderTableViewCell.swift; sourceTree = "<group>"; };
		EFF00AD626B1CF0100A7C77D /* ProductInfoHeaderTableViewCell.xib */ = {isa = PBXFileReference; lastKnownFileType = file.xib; path = ProductInfoHeaderTableViewCell.xib; sourceTree = "<group>"; };
/* End PBXFileReference section */

/* Begin PBXFrameworksBuildPhase section */
		EF52944D260D860800C3EF64 /* Frameworks */ = {
			isa = PBXFrameworksBuildPhase;
			buildActionMask = 2147483647;
			files = (
				EF29F42D260E31C000ABE46D /* NVActivityIndicatorView in Frameworks */,
				EF29F40E260E2B4700ABE46D /* RxMoya in Frameworks */,
				EF1623E6276F112D00A3712C /* Kingfisher in Frameworks */,
				EF29F40C260E2B4700ABE46D /* Moya in Frameworks */,
				EF29F410260E2B4700ABE46D /* ReactiveMoya in Frameworks */,
				EF29F42F260E31C000ABE46D /* NVActivityIndicatorViewExtended in Frameworks */,
				667C0C2B8EAE2F3D2EF24EBA /* Pods_EsAppiOS.framework in Frameworks */,
			);
			runOnlyForDeploymentPostprocessing = 0;
		};
/* End PBXFrameworksBuildPhase section */

/* Begin PBXGroup section */
		143279CA3A83E99BAE37F117 /* Frameworks */ = {
			isa = PBXGroup;
			children = (
				29CF7B94345025EA7C5AFDB0 /* Pods_EsAppiOS.framework */,
			);
			name = Frameworks;
			sourceTree = "<group>";
		};
		5ABC9F92E75E213EDE33AD2F /* Pods */ = {
			isa = PBXGroup;
			children = (
				13414C314681D4E64E22F4BB /* Pods-EsAppiOS.debug.xcconfig */,
				C3D71E7A6B69E9FC300AD523 /* Pods-EsAppiOS.release.xcconfig */,
			);
			path = Pods;
			sourceTree = "<group>";
		};
		EF0C9970276BA06B00C722F5 /* ViewModel */ = {
			isa = PBXGroup;
			children = (
				EF0C9971276BA08200C722F5 /* CustomerInfoListViewModel.swift */,
			);
			path = ViewModel;
			sourceTree = "<group>";
		};
		EF1623CB276EFE4000A3712C /* ProductDetail */ = {
			isa = PBXGroup;
			children = (
				EF1623CC276EFE5000A3712C /* ProductDetailAPI.swift */,
			);
			path = ProductDetail;
			sourceTree = "<group>";
		};
		EF1623CE276EFE8000A3712C /* ProductDetail */ = {
			isa = PBXGroup;
			children = (
				EF95F42C27723BA4007CA109 /* Request */,
				EF1623CF276EFE8800A3712C /* Response */,
			);
			path = ProductDetail;
			sourceTree = "<group>";
		};
		EF1623CF276EFE8800A3712C /* Response */ = {
			isa = PBXGroup;
			children = (
				EF1623DA276F016000A3712C /* GetProductDetailInfo2Response.swift */,
				EFB00825277AA91700BAE2EE /* GetProductDetailInfo3Response.swift */,
				EFB00833277AB5FE00BAE2EE /* GetSimilarRelatedPartResponse.swift */,
			);
			path = Response;
			sourceTree = "<group>";
		};
		EF1623DC276F029800A3712C /* ProductDetail */ = {
			isa = PBXGroup;
			children = (
				EF1623DD276F02AC00A3712C /* GetProductDetailInfo2UseCase.swift */,
				EFB00829277AAA6800BAE2EE /* GetProductDetailInfo3UseCase.swift */,
				EFB00835277AB61B00BAE2EE /* GetSimilarRelatedPartUseCase.swift */,
			);
			path = ProductDetail;
			sourceTree = "<group>";
		};
		EF1623DF276F045D00A3712C /* ViewModel */ = {
			isa = PBXGroup;
			children = (
				EF1623E0276F047B00A3712C /* ProductInfoViewModel.swift */,
			);
			path = ViewModel;
			sourceTree = "<group>";
		};
		EF22CC68264809E900E5438F /* View */ = {
			isa = PBXGroup;
			children = (
				EF22CC69264809EF00E5438F /* CustomerInfoDetailTableViewCell */,
			);
			path = View;
			sourceTree = "<group>";
		};
		EF22CC69264809EF00E5438F /* CustomerInfoDetailTableViewCell */ = {
			isa = PBXGroup;
			children = (
				EF22CC6A26480A2000E5438F /* CustomerInfoDetailTableViewCell.swift */,
				EF22CC6B26480A2000E5438F /* CustomerInfoDetailTableViewCell.xib */,
			);
			path = CustomerInfoDetailTableViewCell;
			sourceTree = "<group>";
		};
		EF22CC6F26480F6500E5438F /* Model */ = {
			isa = PBXGroup;
			children = (
				EF22CC7026480F8000E5438F /* CustomerInfoDetailListModel.swift */,
			);
			path = Model;
			sourceTree = "<group>";
		};
		EF22CC73264813E500E5438F /* PopupView */ = {
			isa = PBXGroup;
			children = (
				EF22CC742648140300E5438F /* PopupView.storyboard */,
				EF22CC772648141500E5438F /* PopupViewController.swift */,
			);
			path = PopupView;
			sourceTree = "<group>";
		};
		EF239BEF26384F0100983EA8 /* SimilarRelatedTableViewCell */ = {
			isa = PBXGroup;
			children = (
				EF239BFC26384F4200983EA8 /* SimilarRelatedListTableViewCell */,
				EF239BF426384F2E00983EA8 /* SimilarRelatedHeaderTableViewCell */,
			);
			path = SimilarRelatedTableViewCell;
			sourceTree = "<group>";
		};
		EF239BF426384F2E00983EA8 /* SimilarRelatedHeaderTableViewCell */ = {
			isa = PBXGroup;
			children = (
				EF239BF626384F3900983EA8 /* SimilarRelatedHeaderTableViewCell.swift */,
				EF239BF926384F3E00983EA8 /* SimilarRelatedHeaderTableViewCell.xib */,
			);
			path = SimilarRelatedHeaderTableViewCell;
			sourceTree = "<group>";
		};
		EF239BFC26384F4200983EA8 /* SimilarRelatedListTableViewCell */ = {
			isa = PBXGroup;
			children = (
				EF239BFD26384F5800983EA8 /* SimilarRelatedListTableViewCell.swift */,
				EF239BFE26384F5800983EA8 /* SimilarRelatedListTableViewCell.xib */,
			);
			path = SimilarRelatedListTableViewCell;
			sourceTree = "<group>";
		};
		EF29F412260E2BBB00ABE46D /* Helpers */ = {
			isa = PBXGroup;
			children = (
				EF22CC73264813E500E5438F /* PopupView */,
				EF29F43B260E44DB00ABE46D /* SceneOpen.swift */,
				EF29F43F260E456000ABE46D /* NavigationManager.swift */,
			);
			path = Helpers;
			sourceTree = "<group>";
		};
		EF29F418260E2CCA00ABE46D /* Fonts */ = {
			isa = PBXGroup;
			children = (
				EF5242D3262AC96F0071572B /* RobotoCondensed-Bold.ttf */,
				EF5242D1262AC96F0071572B /* RobotoCondensed-Light.ttf */,
				EF5242D4262AC96F0071572B /* RobotoCondensed-Regular.ttf */,
				EF22CC7A26484C9800E5438F /* supermarket.ttf */,
			);
			path = Fonts;
			sourceTree = "<group>";
		};
		EF29F427260E315900ABE46D /* Extensions */ = {
			isa = PBXGroup;
			children = (
				EF29F428260E316200ABE46D /* UIViewController+Extension.swift */,
				EF29F431260E32B200ABE46D /* UITextField+Extension.swift */,
				EF29F434260E35EA00ABE46D /* UIButton+Extension.swift */,
				EF29F442260E576800ABE46D /* UIImageView+Extension.swift */,
				EF7D56FA260EF918004EE94A /* UIFont+Extension.swift */,
				EF7D56FD260EFD99004EE94A /* UIView+Extension.swift */,
				EFED23EF261217FA00BD0CD7 /* UIColor+Extension.swift */,
				EFED24172612461800BD0CD7 /* UserDefaults+Extension.swift */,
				EF9667F5271C6900002ED4C5 /* Gradient.swift */,
				EFA2EFF72768E77C0008463F /* Encodable+Extension.swift */,
				EFA2F0092768EA620008463F /* Decodable+Extension.swift */,
				EFA2F00B2768EA750008463F /* Decoder+Extension.swift */,
				EFA2F00D2768EAA40008463F /* KeyedDecodingContainer+Extension.swift */,
				EF1623E2276F10CB00A3712C /* UIImageView+Kingfisher.swift */,
				EFB0082B277AB1F800BAE2EE /* Date+Extension.swift */,
				EFB0084A277AF81C00BAE2EE /* UILable+Extension.swift */,
			);
			path = Extensions;
			sourceTree = "<group>";
		};
		EF39943D26340E0500BBC189 /* Model */ = {
			isa = PBXGroup;
			children = (
				EF39943E26340E1D00BBC189 /* PriceTableModel.swift */,
				EF39944F263412FE00BBC189 /* InventoryTableModel.swift */,
				EF39947226342D0E00BBC189 /* ShipmentTableModel.swift */,
				EF3994AB2634454C00BBC189 /* ProductTableModel.swift */,
			);
			path = Model;
			sourceTree = "<group>";
		};
		EF39944126340FBB00BBC189 /* InventoryTableViewCell */ = {
			isa = PBXGroup;
			children = (
				EF3994522634217300BBC189 /* InventoryFooterTableViewCell */,
				EF39944326340FDC00BBC189 /* InventoryListTableViewCell */,
				EF39944226340FD400BBC189 /* InventoryHeaderTableViewCell */,
			);
			path = InventoryTableViewCell;
			sourceTree = "<group>";
		};
		EF39944226340FD400BBC189 /* InventoryHeaderTableViewCell */ = {
			isa = PBXGroup;
			children = (
				EF3994442634100700BBC189 /* InventoryHeaderTableViewCell.swift */,
				EF3994472634101200BBC189 /* InventoryHeaderTableViewCell.xib */,
			);
			path = InventoryHeaderTableViewCell;
			sourceTree = "<group>";
		};
		EF39944326340FDC00BBC189 /* InventoryListTableViewCell */ = {
			isa = PBXGroup;
			children = (
				EF39944A2634102800BBC189 /* InventoryListTableViewCell.swift */,
				EF39944B2634102800BBC189 /* InventoryListTableViewCell.xib */,
			);
			path = InventoryListTableViewCell;
			sourceTree = "<group>";
		};
		EF3994522634217300BBC189 /* InventoryFooterTableViewCell */ = {
			isa = PBXGroup;
			children = (
				EF3994532634218A00BBC189 /* InventoryFooterTableViewCell.swift */,
				EF3994562634219100BBC189 /* InventoryFooterTableViewCell.xib */,
			);
			path = InventoryFooterTableViewCell;
			sourceTree = "<group>";
		};
		EF399459263429C100BBC189 /* ShipmentTableViewCell */ = {
			isa = PBXGroup;
			children = (
				EF399467263429F900BBC189 /* ShipmentListTableViewCell */,
				EF39945F263429E500BBC189 /* ShipmentHeaderTableViewCell */,
			);
			path = ShipmentTableViewCell;
			sourceTree = "<group>";
		};
		EF39945F263429E500BBC189 /* ShipmentHeaderTableViewCell */ = {
			isa = PBXGroup;
			children = (
				EF399460263429ED00BBC189 /* ShipmentHeaderTableViewCell.swift */,
				EF399464263429F300BBC189 /* ShipmentHeaderTableViewCell.xib */,
			);
			path = ShipmentHeaderTableViewCell;
			sourceTree = "<group>";
		};
		EF399467263429F900BBC189 /* ShipmentListTableViewCell */ = {
			isa = PBXGroup;
			children = (
				EF39946C26342A2900BBC189 /* ShipmentListTableViewCell.swift */,
				EF39946D26342A2900BBC189 /* ShipmentListTableViewCell.xib */,
			);
			path = ShipmentListTableViewCell;
			sourceTree = "<group>";
		};
		EF39949126343F4300BBC189 /* ProductTableViewCell */ = {
			isa = PBXGroup;
			children = (
				EF39949326343F6000BBC189 /* ProductSpecificationTableViewCell */,
				EF39949226343F5400BBC189 /* ProductInformationTableViewCell */,
			);
			path = ProductTableViewCell;
			sourceTree = "<group>";
		};
		EF39949226343F5400BBC189 /* ProductInformationTableViewCell */ = {
			isa = PBXGroup;
			children = (
				EF39949F26343F9500BBC189 /* ProductInformationTableViewCell.swift */,
				EF3994A026343F9500BBC189 /* ProductInformationTableViewCell.xib */,
			);
			path = ProductInformationTableViewCell;
			sourceTree = "<group>";
		};
		EF39949326343F6000BBC189 /* ProductSpecificationTableViewCell */ = {
			isa = PBXGroup;
			children = (
				EF39949A26343F8200BBC189 /* ProductSpecificationTableViewCell.swift */,
				EF39949B26343F8200BBC189 /* ProductSpecificationTableViewCell.xib */,
			);
			path = ProductSpecificationTableViewCell;
			sourceTree = "<group>";
		};
		EF47885D276464E800746A59 /* View */ = {
			isa = PBXGroup;
			children = (
				EF47885E276464ED00746A59 /* BadgeSaleManView */,
			);
			path = View;
			sourceTree = "<group>";
		};
		EF47885E276464ED00746A59 /* BadgeSaleManView */ = {
			isa = PBXGroup;
			children = (
				EF47885F2764651400746A59 /* BadgeSaleManView.swift */,
				EF4788612764651F00746A59 /* BadgeSaleManView.xib */,
			);
			path = BadgeSaleManView;
			sourceTree = "<group>";
		};
		EF50D8CA26F73CB1008F11D7 /* CustomerProfileView */ = {
			isa = PBXGroup;
			children = (
				EFB00838277ADCB800BAE2EE /* ViewModel */,
				EF50D8CB26F73CCD008F11D7 /* CustomerProfile.storyboard */,
				EF50D8CF26F73D5A008F11D7 /* CustomerProfileViewController.swift */,
			);
			path = CustomerProfileView;
			sourceTree = "<group>";
		};
		EF50D8D126F756E9008F11D7 /* Components */ = {
			isa = PBXGroup;
			children = (
				EF47885D276464E800746A59 /* View */,
				EF50D8D226F756EF008F11D7 /* Cell */,
			);
			path = Components;
			sourceTree = "<group>";
		};
		EF50D8D226F756EF008F11D7 /* Cell */ = {
			isa = PBXGroup;
			children = (
				EF7F08C4278EC88E00FE4E9C /* EmptyTableViewCell */,
				EF50D8D326F75707008F11D7 /* ContactTableViewCell */,
			);
			path = Cell;
			sourceTree = "<group>";
		};
		EF50D8D326F75707008F11D7 /* ContactTableViewCell */ = {
			isa = PBXGroup;
			children = (
				EF50D8D526F75742008F11D7 /* ContactHeaderTableViewCell */,
				EF50D8D426F75733008F11D7 /* ContactItemTableViewCell */,
			);
			path = ContactTableViewCell;
			sourceTree = "<group>";
		};
		EF50D8D426F75733008F11D7 /* ContactItemTableViewCell */ = {
			isa = PBXGroup;
			children = (
				EF50D8DA26F7577D008F11D7 /* ContactItemTableViewCell.swift */,
				EF50D8DB26F7577D008F11D7 /* ContactItemTableViewCell.xib */,
			);
			path = ContactItemTableViewCell;
			sourceTree = "<group>";
		};
		EF50D8D526F75742008F11D7 /* ContactHeaderTableViewCell */ = {
			isa = PBXGroup;
			children = (
				EF50D8D626F75771008F11D7 /* ContactHeaderTableViewCell.swift */,
				EF50D8D726F75771008F11D7 /* ContactHeaderTableViewCell.xib */,
			);
			path = ContactHeaderTableViewCell;
			sourceTree = "<group>";
		};
		EF5242C8262AADA80071572B /* ProductInfoDetail */ = {
			isa = PBXGroup;
			children = (
				EF1623DF276F045D00A3712C /* ViewModel */,
				EF39943D26340E0500BBC189 /* Model */,
				EF5242DE262ADDB60071572B /* View */,
				EF5242C9262AADC90071572B /* ProductInfo.storyboard */,
				EF5242CC262AADDA0071572B /* ProductInfoViewController.swift */,
			);
			path = ProductInfoDetail;
			sourceTree = "<group>";
		};
		EF5242DE262ADDB60071572B /* View */ = {
			isa = PBXGroup;
			children = (
				EF239BEF26384F0100983EA8 /* SimilarRelatedTableViewCell */,
				EF39949126343F4300BBC189 /* ProductTableViewCell */,
				EF399459263429C100BBC189 /* ShipmentTableViewCell */,
				EF39944126340FBB00BBC189 /* InventoryTableViewCell */,
				EF74ED11262D2CD500E420C8 /* PriceTableViewCell */,
				EF5242DF262ADDBB0071572B /* ImageCollectionViewCell */,
			);
			path = View;
			sourceTree = "<group>";
		};
		EF5242DF262ADDBB0071572B /* ImageCollectionViewCell */ = {
			isa = PBXGroup;
			children = (
				EF5242E0262ADDD60071572B /* ImageCollectionViewCell.swift */,
				EF5242E1262ADDD60071572B /* ImageCollectionViewCell.xib */,
			);
			path = ImageCollectionViewCell;
			sourceTree = "<group>";
		};
		EF529447260D860800C3EF64 = {
			isa = PBXGroup;
			children = (
				EF529452260D860800C3EF64 /* EsAppiOS */,
				EF529451260D860800C3EF64 /* Products */,
				5ABC9F92E75E213EDE33AD2F /* Pods */,
				143279CA3A83E99BAE37F117 /* Frameworks */,
			);
			sourceTree = "<group>";
		};
		EF529451260D860800C3EF64 /* Products */ = {
			isa = PBXGroup;
			children = (
				EF529450260D860800C3EF64 /* EsAppiOS.app */,
			);
			name = Products;
			sourceTree = "<group>";
		};
		EF529452260D860800C3EF64 /* EsAppiOS */ = {
			isa = PBXGroup;
			children = (
				EFA2EFEB2768E3C30008463F /* Core */,
				EFA2EFDF2768E2F70008463F /* Data */,
				EF50D8D126F756E9008F11D7 /* Components */,
				EF29F412260E2BBB00ABE46D /* Helpers */,
				EF529480260D97DF00C3EF64 /* Classes */,
				EF529472260D89C500C3EF64 /* Resource */,
				EF529468260D87F200C3EF64 /* Scene */,
				EF529453260D860800C3EF64 /* AppDelegate.swift */,
				EF52945E260D860800C3EF64 /* LaunchScreen.storyboard */,
				EF529461260D860800C3EF64 /* Info.plist */,
			);
			path = EsAppiOS;
			sourceTree = "<group>";
		};
		EF529468260D87F200C3EF64 /* Scene */ = {
			isa = PBXGroup;
			children = (
				EF50D8CA26F73CB1008F11D7 /* CustomerProfileView */,
				EFEA18A82641986900251F19 /* CustomerInfoDetail */,
				EFEA18A72641985E00251F19 /* CustomerInfoList */,
				EFEA18A62641984D00251F19 /* ProductInfoList */,
				EF5242C8262AADA80071572B /* ProductInfoDetail */,
				EF529479260D969700C3EF64 /* Login */,
				EF529469260D87F800C3EF64 /* Splash */,
			);
			path = Scene;
			sourceTree = "<group>";
		};
		EF529469260D87F800C3EF64 /* Splash */ = {
			isa = PBXGroup;
			children = (
				EF52946C260D886D00C3EF64 /* SplashViewController.swift */,
				EF52946F260D887400C3EF64 /* Splash.storyboard */,
			);
			path = Splash;
			sourceTree = "<group>";
		};
		EF529472260D89C500C3EF64 /* Resource */ = {
			isa = PBXGroup;
			children = (
				EF29F418260E2CCA00ABE46D /* Fonts */,
				EF52945C260D860800C3EF64 /* Assets.xcassets */,
				EF529473260D89E000C3EF64 /* Color.xcassets */,
			);
			path = Resource;
			sourceTree = "<group>";
		};
		EF529479260D969700C3EF64 /* Login */ = {
			isa = PBXGroup;
			children = (
				EFED23D32612104F00BD0CD7 /* ViewModel */,
				EF52947A260D96BB00C3EF64 /* Login.storyboard */,
				EF52947D260D96C500C3EF64 /* LoginViewController.swift */,
			);
			path = Login;
			sourceTree = "<group>";
		};
		EF529480260D97DF00C3EF64 /* Classes */ = {
			isa = PBXGroup;
			children = (
				EF29F427260E315900ABE46D /* Extensions */,
				EF529481260D97FF00C3EF64 /* Extension+Notification.swift */,
			);
			path = Classes;
			sourceTree = "<group>";
		};
		EF74ED11262D2CD500E420C8 /* PriceTableViewCell */ = {
			isa = PBXGroup;
			children = (
				EF74ED19262D2D3400E420C8 /* PriceHeaderTableViewCell */,
				EF74ED12262D2CEF00E420C8 /* PriceListTableViewCell */,
			);
			path = PriceTableViewCell;
			sourceTree = "<group>";
		};
		EF74ED12262D2CEF00E420C8 /* PriceListTableViewCell */ = {
			isa = PBXGroup;
			children = (
				EF74ED13262D2D1700E420C8 /* PriceListTableViewCell.swift */,
				EF74ED14262D2D1700E420C8 /* PriceListTableViewCell.xib */,
			);
			path = PriceListTableViewCell;
			sourceTree = "<group>";
		};
		EF74ED19262D2D3400E420C8 /* PriceHeaderTableViewCell */ = {
			isa = PBXGroup;
			children = (
				EF74ED1A262D2D6500E420C8 /* PriceHeaderTableViewCell.swift */,
				EF74ED1E262D2D7F00E420C8 /* PriceHeaderTableViewCell.xib */,
			);
			path = PriceHeaderTableViewCell;
			sourceTree = "<group>";
		};
		EF7F08C4278EC88E00FE4E9C /* EmptyTableViewCell */ = {
			isa = PBXGroup;
			children = (
				EF7F08C5278EC8B300FE4E9C /* EmptyTableViewCell.swift */,
				EF7F08C6278EC8B300FE4E9C /* EmptyTableViewCell.xib */,
			);
			path = EmptyTableViewCell;
			sourceTree = "<group>";
		};
		EF849DD4276A3F7B0010FEF0 /* InfoLevel1 */ = {
			isa = PBXGroup;
			children = (
				EF849DE0276A40770010FEF0 /* InfoLevel1API.swift */,
			);
			path = InfoLevel1;
			sourceTree = "<group>";
		};
		EF849DD7276A3FD40010FEF0 /* InfoLevel1 */ = {
			isa = PBXGroup;
			children = (
				EF849DDD276A400D0010FEF0 /* Response */,
				EF849DD8276A3FE60010FEF0 /* Request */,
			);
			path = InfoLevel1;
			sourceTree = "<group>";
		};
		EF849DD8276A3FE60010FEF0 /* Request */ = {
			isa = PBXGroup;
			children = (
				EF849DDB276A40030010FEF0 /* GetInfoLevel1Request.swift */,
			);
			path = Request;
			sourceTree = "<group>";
		};
		EF849DDD276A400D0010FEF0 /* Response */ = {
			isa = PBXGroup;
			children = (
				EF849DE4276A40F40010FEF0 /* GetProductInfoResponse.swift */,
				EF849DE6276A40FE0010FEF0 /* GetCustomerInfoResponse.swift */,
			);
			path = Response;
			sourceTree = "<group>";
		};
		EF849DE8276A42C90010FEF0 /* ProductInfo */ = {
			isa = PBXGroup;
			children = (
				EF849DEA276A42EC0010FEF0 /* GetProductInfoUseCase.swift */,
			);
			path = ProductInfo;
			sourceTree = "<group>";
		};
		EF849DE9276A42DA0010FEF0 /* CustomerInfo */ = {
			isa = PBXGroup;
			children = (
				EF849DEC276A42FB0010FEF0 /* GetCustomerInfoUseCase.swift */,
			);
			path = CustomerInfo;
			sourceTree = "<group>";
		};
		EF849DEE276A43EC0010FEF0 /* ViewModel */ = {
			isa = PBXGroup;
			children = (
				EF849DEF276A43FE0010FEF0 /* ProductInfoListViewModel.swift */,
			);
			path = ViewModel;
			sourceTree = "<group>";
		};
		EF95F42C27723BA4007CA109 /* Request */ = {
			isa = PBXGroup;
			children = (
				EF95F42D27723BB3007CA109 /* GetProductDetailInfoRequest.swift */,
			);
			path = Request;
			sourceTree = "<group>";
		};
		EFA2EFDF2768E2F70008463F /* Data */ = {
			isa = PBXGroup;
			children = (
				EFA2EFF12768E6A00008463F /* Repositories */,
				EFA2EFF02768E6960008463F /* UseCases */,
				EFA2EFEF2768E6900008463F /* Models */,
				EFA2EFE02768E3090008463F /* Providers */,
			);
			path = Data;
			sourceTree = "<group>";
		};
		EFA2EFE02768E3090008463F /* Providers */ = {
			isa = PBXGroup;
			children = (
				EFA2EFE12768E3160008463F /* Moya */,
			);
			path = Providers;
			sourceTree = "<group>";
		};
		EFA2EFE12768E3160008463F /* Moya */ = {
			isa = PBXGroup;
			children = (
				EFB0083B277ADDF700BAE2EE /* CustomerProfile */,
				EF1623CB276EFE4000A3712C /* ProductDetail */,
				EF849DD4276A3F7B0010FEF0 /* InfoLevel1 */,
				EFA2EFE22768E3360008463F /* Login */,
			);
			path = Moya;
			sourceTree = "<group>";
		};
		EFA2EFE22768E3360008463F /* Login */ = {
			isa = PBXGroup;
			children = (
				EFA2EFE32768E34E0008463F /* LoginAPI.swift */,
			);
			path = Login;
			sourceTree = "<group>";
		};
		EFA2EFEB2768E3C30008463F /* Core */ = {
			isa = PBXGroup;
			children = (
				EFA2EFFD2768E9830008463F /* Utility */,
				EFA2EFEC2768E3CC0008463F /* Config */,
			);
			path = Core;
			sourceTree = "<group>";
		};
		EFA2EFEC2768E3CC0008463F /* Config */ = {
			isa = PBXGroup;
			children = (
				EFA2EFED2768E3D80008463F /* DomainNameConfig.swift */,
			);
			path = Config;
			sourceTree = "<group>";
		};
		EFA2EFEF2768E6900008463F /* Models */ = {
			isa = PBXGroup;
			children = (
				EFB0083E277ADE1B00BAE2EE /* CustomerProfile */,
				EF1623CE276EFE8000A3712C /* ProductDetail */,
				EF849DD7276A3FD40010FEF0 /* InfoLevel1 */,
				EFA2EFF22768E6BA0008463F /* Login */,
			);
			path = Models;
			sourceTree = "<group>";
		};
		EFA2EFF02768E6960008463F /* UseCases */ = {
			isa = PBXGroup;
			children = (
				EFB00847277AE6CF00BAE2EE /* CustomerProfile */,
				EF1623DC276F029800A3712C /* ProductDetail */,
				EF849DE9276A42DA0010FEF0 /* CustomerInfo */,
				EF849DE8276A42C90010FEF0 /* ProductInfo */,
				EFA2F00F2768EECB0008463F /* Login */,
			);
			path = UseCases;
			sourceTree = "<group>";
		};
		EFA2EFF12768E6A00008463F /* Repositories */ = {
			isa = PBXGroup;
			children = (
				EFA2EFF92768E8A50008463F /* LoginRepository.swift */,
				EF849DE2276A409E0010FEF0 /* InfoLevel1Repository.swift */,
				EF1623D8276F012800A3712C /* ProductDetailRepository.swift */,
				EFB00845277AE67500BAE2EE /* CustomerProfileRepository.swift */,
			);
			path = Repositories;
			sourceTree = "<group>";
		};
		EFA2EFF22768E6BA0008463F /* Login */ = {
			isa = PBXGroup;
			children = (
				EFA2EFF42768E6C80008463F /* Request */,
				EFA2EFF32768E6C40008463F /* Response */,
			);
			path = Login;
			sourceTree = "<group>";
		};
		EFA2EFF32768E6C40008463F /* Response */ = {
			isa = PBXGroup;
			children = (
				EFA2EFFB2768E8ED0008463F /* GetLoginResponse.swift */,
			);
			path = Response;
			sourceTree = "<group>";
		};
		EFA2EFF42768E6C80008463F /* Request */ = {
			isa = PBXGroup;
			children = (
				EFA2EFF52768E6E60008463F /* GetLoginRequest.swift */,
			);
			path = Request;
			sourceTree = "<group>";
		};
		EFA2EFFD2768E9830008463F /* Utility */ = {
			isa = PBXGroup;
			children = (
				EFA2EFFE2768E9970008463F /* CodableInfixOperator.swift */,
				EFA2F0002768E9C70008463F /* Utils.swift */,
				EFA2F0072768EA370008463F /* AnyKey.swift */,
				EF849DF1276A487A0010FEF0 /* AnyCodableValue.swift */,
			);
			path = Utility;
			sourceTree = "<group>";
		};
		EFA2F00F2768EECB0008463F /* Login */ = {
			isa = PBXGroup;
			children = (
				EFA2F0122768EEEB0008463F /* GetLoginUseCase.swift */,
			);
			path = Login;
			sourceTree = "<group>";
		};
		EFB00838277ADCB800BAE2EE /* ViewModel */ = {
			isa = PBXGroup;
			children = (
				EFB00839277ADCCB00BAE2EE /* CustomerProfileViewModel.swift */,
			);
			path = ViewModel;
			sourceTree = "<group>";
		};
		EFB0083B277ADDF700BAE2EE /* CustomerProfile */ = {
			isa = PBXGroup;
			children = (
				EFB0083C277ADE0400BAE2EE /* CustomerProfileAPI.swift */,
			);
			path = CustomerProfile;
			sourceTree = "<group>";
		};
		EFB0083E277ADE1B00BAE2EE /* CustomerProfile */ = {
			isa = PBXGroup;
			children = (
				EFB00842277ADE3200BAE2EE /* Response */,
				EFB0083F277ADE2000BAE2EE /* Request */,
			);
			path = CustomerProfile;
			sourceTree = "<group>";
		};
		EFB0083F277ADE2000BAE2EE /* Request */ = {
			isa = PBXGroup;
			children = (
				EFB00840277ADE2E00BAE2EE /* GetCustomerProfileRequest.swift */,
			);
			path = Request;
			sourceTree = "<group>";
		};
		EFB00842277ADE3200BAE2EE /* Response */ = {
			isa = PBXGroup;
			children = (
				EFB00843277ADE3C00BAE2EE /* GetCustomerProfileResponse.swift */,
			);
			path = Response;
			sourceTree = "<group>";
		};
		EFB00847277AE6CF00BAE2EE /* CustomerProfile */ = {
			isa = PBXGroup;
			children = (
				EFB00848277AE6E700BAE2EE /* GetCustomerProfileUseCase.swift */,
			);
			path = CustomerProfile;
			sourceTree = "<group>";
		};
		EFEA18A62641984D00251F19 /* ProductInfoList */ = {
			isa = PBXGroup;
			children = (
				EF849DEE276A43EC0010FEF0 /* ViewModel */,
				EFEA18B02641989F00251F19 /* View */,
				EFEA18A92641989600251F19 /* ProductInfoListViewController.swift */,
				EFEA18AD2641989C00251F19 /* ProductInfoList.storyboard */,
			);
			path = ProductInfoList;
			sourceTree = "<group>";
		};
		EFEA18A72641985E00251F19 /* CustomerInfoList */ = {
			isa = PBXGroup;
			children = (
				EF0C9970276BA06B00C722F5 /* ViewModel */,
				EFEA18CD2641AD3000251F19 /* View */,
				EFEA18C72641AD2000251F19 /* CustomerInfoList.storyboard */,
				EFEA18CA2641AD2D00251F19 /* CustomerInfoListViewController.swift */,
			);
			path = CustomerInfoList;
			sourceTree = "<group>";
		};
		EFEA18A82641986900251F19 /* CustomerInfoDetail */ = {
			isa = PBXGroup;
			children = (
				EF22CC6F26480F6500E5438F /* Model */,
				EF22CC68264809E900E5438F /* View */,
				EF22CC622648073400E5438F /* CustomerInfoDetailViewController.swift */,
				EF22CC652648073A00E5438F /* CustomerInfoDetail.storyboard */,
			);
			path = CustomerInfoDetail;
			sourceTree = "<group>";
		};
		EFEA18B02641989F00251F19 /* View */ = {
			isa = PBXGroup;
			children = (
				EFEA18B92641A1EC00251F19 /* ProductInfoTableViewCell */,
			);
			path = View;
			sourceTree = "<group>";
		};
		EFEA18B92641A1EC00251F19 /* ProductInfoTableViewCell */ = {
			isa = PBXGroup;
			children = (
				EFF00AD426B1CEF700A7C77D /* ProductInfoHeaderTableViewCell */,
				EFEA18BB2641A22500251F19 /* ProductInfoListTableViewCell */,
			);
			path = ProductInfoTableViewCell;
			sourceTree = "<group>";
		};
		EFEA18BB2641A22500251F19 /* ProductInfoListTableViewCell */ = {
			isa = PBXGroup;
			children = (
				EFEA18BC2641A24600251F19 /* ProductInfoListTableViewCell.swift */,
				EFEA18BD2641A24600251F19 /* ProductInfoListTableViewCell.xib */,
			);
			path = ProductInfoListTableViewCell;
			sourceTree = "<group>";
		};
		EFEA18CD2641AD3000251F19 /* View */ = {
			isa = PBXGroup;
			children = (
				EFEA18CF2641AD4100251F19 /* CustomerInfoTableViewCell */,
			);
			path = View;
			sourceTree = "<group>";
		};
		EFEA18CF2641AD4100251F19 /* CustomerInfoTableViewCell */ = {
			isa = PBXGroup;
			children = (
				EFF00ACF26B1CD5000A7C77D /* CustomerInfoHeaderTableViewCell */,
				EFEA18D02641AD4D00251F19 /* CustomerInfoListTableViewCell */,
			);
			path = CustomerInfoTableViewCell;
			sourceTree = "<group>";
		};
		EFEA18D02641AD4D00251F19 /* CustomerInfoListTableViewCell */ = {
			isa = PBXGroup;
			children = (
				EFEA18EE2641B02A00251F19 /* CustomerInfoListTableViewCell.swift */,
				EFEA18EF2641B02A00251F19 /* CustomerInfoListTableViewCell.xib */,
			);
			path = CustomerInfoListTableViewCell;
			sourceTree = "<group>";
		};
		EFED23D32612104F00BD0CD7 /* ViewModel */ = {
			isa = PBXGroup;
			children = (
				EFED23D42612106000BD0CD7 /* LoginViewModel.swift */,
			);
			path = ViewModel;
			sourceTree = "<group>";
		};
		EFF00ACF26B1CD5000A7C77D /* CustomerInfoHeaderTableViewCell */ = {
			isa = PBXGroup;
			children = (
				EFF00AD026B1CD6200A7C77D /* CustomerInfoHeaderTableViewCell.swift */,
				EFF00AD126B1CD6200A7C77D /* CustomerInfoHeaderTableViewCell.xib */,
			);
			path = CustomerInfoHeaderTableViewCell;
			sourceTree = "<group>";
		};
		EFF00AD426B1CEF700A7C77D /* ProductInfoHeaderTableViewCell */ = {
			isa = PBXGroup;
			children = (
				EFF00AD526B1CF0100A7C77D /* ProductInfoHeaderTableViewCell.swift */,
				EFF00AD626B1CF0100A7C77D /* ProductInfoHeaderTableViewCell.xib */,
			);
			path = ProductInfoHeaderTableViewCell;
			sourceTree = "<group>";
		};
/* End PBXGroup section */

/* Begin PBXNativeTarget section */
		EF52944F260D860800C3EF64 /* EsAppiOS */ = {
			isa = PBXNativeTarget;
			buildConfigurationList = EF529464260D860800C3EF64 /* Build configuration list for PBXNativeTarget "EsAppiOS" */;
			buildPhases = (
				4C94E609D080C3D83455042A /* [CP] Check Pods Manifest.lock */,
				EF52944C260D860800C3EF64 /* Sources */,
				EF52944D260D860800C3EF64 /* Frameworks */,
				EF52944E260D860800C3EF64 /* Resources */,
				CEDE274638E2DABD3569CD47 /* [CP] Embed Pods Frameworks */,
			);
			buildRules = (
			);
			dependencies = (
			);
			name = EsAppiOS;
			packageProductDependencies = (
				EF29F40B260E2B4700ABE46D /* Moya */,
				EF29F40D260E2B4700ABE46D /* RxMoya */,
				EF29F40F260E2B4700ABE46D /* ReactiveMoya */,
				EF29F42C260E31C000ABE46D /* NVActivityIndicatorView */,
				EF29F42E260E31C000ABE46D /* NVActivityIndicatorViewExtended */,
				EF1623E5276F112D00A3712C /* Kingfisher */,
			);
			productName = EsAppiOS;
			productReference = EF529450260D860800C3EF64 /* EsAppiOS.app */;
			productType = "com.apple.product-type.application";
		};
/* End PBXNativeTarget section */

/* Begin PBXProject section */
		EF529448260D860800C3EF64 /* Project object */ = {
			isa = PBXProject;
			attributes = {
				LastSwiftUpdateCheck = 1240;
				LastUpgradeCheck = 1240;
				TargetAttributes = {
					EF52944F260D860800C3EF64 = {
						CreatedOnToolsVersion = 12.4;
					};
				};
			};
			buildConfigurationList = EF52944B260D860800C3EF64 /* Build configuration list for PBXProject "EsAppiOS" */;
			compatibilityVersion = "Xcode 9.3";
			developmentRegion = en;
			hasScannedForEncodings = 0;
			knownRegions = (
				en,
				Base,
			);
			mainGroup = EF529447260D860800C3EF64;
			packageReferences = (
				EF29F40A260E2B4700ABE46D /* XCRemoteSwiftPackageReference "Moya" */,
				EF29F42B260E31C000ABE46D /* XCRemoteSwiftPackageReference "NVActivityIndicatorView" */,
				EF1623E4276F112D00A3712C /* XCRemoteSwiftPackageReference "Kingfisher" */,
			);
			productRefGroup = EF529451260D860800C3EF64 /* Products */;
			projectDirPath = "";
			projectRoot = "";
			targets = (
				EF52944F260D860800C3EF64 /* EsAppiOS */,
			);
		};
/* End PBXProject section */

/* Begin PBXResourcesBuildPhase section */
		EF52944E260D860800C3EF64 /* Resources */ = {
			isa = PBXResourcesBuildPhase;
			buildActionMask = 2147483647;
			files = (
				EF39946F26342A2900BBC189 /* ShipmentListTableViewCell.xib in Resources */,
				EF50D8DD26F7577D008F11D7 /* ContactItemTableViewCell.xib in Resources */,
				EF39949D26343F8200BBC189 /* ProductSpecificationTableViewCell.xib in Resources */,
				EF529460260D860800C3EF64 /* LaunchScreen.storyboard in Resources */,
				EFEA18C82641AD2000251F19 /* CustomerInfoList.storyboard in Resources */,
				EF399465263429F300BBC189 /* ShipmentHeaderTableViewCell.xib in Resources */,
				EF239C0026384F5800983EA8 /* SimilarRelatedListTableViewCell.xib in Resources */,
				EF3994572634219100BBC189 /* InventoryFooterTableViewCell.xib in Resources */,
				EFF00AD326B1CD6200A7C77D /* CustomerInfoHeaderTableViewCell.xib in Resources */,
				EF7F08C8278EC8B300FE4E9C /* EmptyTableViewCell.xib in Resources */,
				EF22CC6D26480A2000E5438F /* CustomerInfoDetailTableViewCell.xib in Resources */,
				EFEA18F12641B02A00251F19 /* CustomerInfoListTableViewCell.xib in Resources */,
				EF5242DA262AC96F0071572B /* RobotoCondensed-Regular.ttf in Resources */,
				EF52945D260D860800C3EF64 /* Assets.xcassets in Resources */,
				EF3994A226343F9500BBC189 /* ProductInformationTableViewCell.xib in Resources */,
				EF22CC662648073A00E5438F /* CustomerInfoDetail.storyboard in Resources */,
				EF74ED16262D2D1700E420C8 /* PriceListTableViewCell.xib in Resources */,
				EFEA18BF2641A24600251F19 /* ProductInfoListTableViewCell.xib in Resources */,
				EF3994482634101200BBC189 /* InventoryHeaderTableViewCell.xib in Resources */,
				EF529474260D89E000C3EF64 /* Color.xcassets in Resources */,
				EF5242E3262ADDD60071572B /* ImageCollectionViewCell.xib in Resources */,
				EF52947B260D96BB00C3EF64 /* Login.storyboard in Resources */,
				EF50D8CC26F73CCD008F11D7 /* CustomerProfile.storyboard in Resources */,
				EF239BFA26384F3E00983EA8 /* SimilarRelatedHeaderTableViewCell.xib in Resources */,
				EF39944D2634102800BBC189 /* InventoryListTableViewCell.xib in Resources */,
				EF22CC752648140300E5438F /* PopupView.storyboard in Resources */,
				EF5242D7262AC96F0071572B /* RobotoCondensed-Light.ttf in Resources */,
				EF529470260D887400C3EF64 /* Splash.storyboard in Resources */,
				EF5242D9262AC96F0071572B /* RobotoCondensed-Bold.ttf in Resources */,
				EFF00AD826B1CF0100A7C77D /* ProductInfoHeaderTableViewCell.xib in Resources */,
				EF4788622764651F00746A59 /* BadgeSaleManView.xib in Resources */,
				EF22CC7B26484C9800E5438F /* supermarket.ttf in Resources */,
				EFEA18AE2641989C00251F19 /* ProductInfoList.storyboard in Resources */,
				EF74ED1F262D2D7F00E420C8 /* PriceHeaderTableViewCell.xib in Resources */,
				EF5242CA262AADC90071572B /* ProductInfo.storyboard in Resources */,
				EF50D8D926F75771008F11D7 /* ContactHeaderTableViewCell.xib in Resources */,
			);
			runOnlyForDeploymentPostprocessing = 0;
		};
/* End PBXResourcesBuildPhase section */

/* Begin PBXShellScriptBuildPhase section */
		4C94E609D080C3D83455042A /* [CP] Check Pods Manifest.lock */ = {
			isa = PBXShellScriptBuildPhase;
			buildActionMask = 2147483647;
			files = (
			);
			inputFileListPaths = (
			);
			inputPaths = (
				"${PODS_PODFILE_DIR_PATH}/Podfile.lock",
				"${PODS_ROOT}/Manifest.lock",
			);
			name = "[CP] Check Pods Manifest.lock";
			outputFileListPaths = (
			);
			outputPaths = (
				"$(DERIVED_FILE_DIR)/Pods-EsAppiOS-checkManifestLockResult.txt",
			);
			runOnlyForDeploymentPostprocessing = 0;
			shellPath = /bin/sh;
			shellScript = "diff \"${PODS_PODFILE_DIR_PATH}/Podfile.lock\" \"${PODS_ROOT}/Manifest.lock\" > /dev/null\nif [ $? != 0 ] ; then\n    # print error to STDERR\n    echo \"error: The sandbox is not in sync with the Podfile.lock. Run 'pod install' or update your CocoaPods installation.\" >&2\n    exit 1\nfi\n# This output is used by Xcode 'outputs' to avoid re-running this script phase.\necho \"SUCCESS\" > \"${SCRIPT_OUTPUT_FILE_0}\"\n";
			showEnvVarsInLog = 0;
		};
		CEDE274638E2DABD3569CD47 /* [CP] Embed Pods Frameworks */ = {
			isa = PBXShellScriptBuildPhase;
			buildActionMask = 2147483647;
			files = (
			);
			inputFileListPaths = (
				"${PODS_ROOT}/Target Support Files/Pods-EsAppiOS/Pods-EsAppiOS-frameworks-${CONFIGURATION}-input-files.xcfilelist",
			);
			name = "[CP] Embed Pods Frameworks";
			outputFileListPaths = (
				"${PODS_ROOT}/Target Support Files/Pods-EsAppiOS/Pods-EsAppiOS-frameworks-${CONFIGURATION}-output-files.xcfilelist",
			);
			runOnlyForDeploymentPostprocessing = 0;
			shellPath = /bin/sh;
			shellScript = "\"${PODS_ROOT}/Target Support Files/Pods-EsAppiOS/Pods-EsAppiOS-frameworks.sh\"\n";
			showEnvVarsInLog = 0;
		};
/* End PBXShellScriptBuildPhase section */

/* Begin PBXSourcesBuildPhase section */
		EF52944C260D860800C3EF64 /* Sources */ = {
			isa = PBXSourcesBuildPhase;
			buildActionMask = 2147483647;
			files = (
				EF239BFF26384F5800983EA8 /* SimilarRelatedListTableViewCell.swift in Sources */,
				EFF00AD226B1CD6200A7C77D /* CustomerInfoHeaderTableViewCell.swift in Sources */,
				EF29F440260E456000ABE46D /* NavigationManager.swift in Sources */,
				EF849DE7276A40FE0010FEF0 /* GetCustomerInfoResponse.swift in Sources */,
				EFA2EFF82768E77D0008463F /* Encodable+Extension.swift in Sources */,
				EFB00836277AB61B00BAE2EE /* GetSimilarRelatedPartUseCase.swift in Sources */,
				EF5242E2262ADDD60071572B /* ImageCollectionViewCell.swift in Sources */,
				EF39946E26342A2900BBC189 /* ShipmentListTableViewCell.swift in Sources */,
				EFB00844277ADE3C00BAE2EE /* GetCustomerProfileResponse.swift in Sources */,
				EFB0084B277AF81C00BAE2EE /* UILable+Extension.swift in Sources */,
				EF3994452634100700BBC189 /* InventoryHeaderTableViewCell.swift in Sources */,
				EF52947E260D96C500C3EF64 /* LoginViewController.swift in Sources */,
				EF74ED1B262D2D6500E420C8 /* PriceHeaderTableViewCell.swift in Sources */,
				EF52946D260D886D00C3EF64 /* SplashViewController.swift in Sources */,
				EFB00846277AE67500BAE2EE /* CustomerProfileRepository.swift in Sources */,
				EFB00849277AE6E700BAE2EE /* GetCustomerProfileUseCase.swift in Sources */,
				EFEA18CB2641AD2D00251F19 /* CustomerInfoListViewController.swift in Sources */,
				EF529482260D97FF00C3EF64 /* Extension+Notification.swift in Sources */,
				EFA2EFE42768E34E0008463F /* LoginAPI.swift in Sources */,
				EF849DED276A42FB0010FEF0 /* GetCustomerInfoUseCase.swift in Sources */,
				EF1623CD276EFE5000A3712C /* ProductDetailAPI.swift in Sources */,
				EFEA18F02641B02A00251F19 /* CustomerInfoListTableViewCell.swift in Sources */,
				EF529454260D860800C3EF64 /* AppDelegate.swift in Sources */,
				EFA2EFFC2768E8ED0008463F /* GetLoginResponse.swift in Sources */,
				EFF00AD726B1CF0100A7C77D /* ProductInfoHeaderTableViewCell.swift in Sources */,
				EFA2F00C2768EA750008463F /* Decoder+Extension.swift in Sources */,
				EF95F42E27723BB3007CA109 /* GetProductDetailInfoRequest.swift in Sources */,
				EF39947326342D0E00BBC189 /* ShipmentTableModel.swift in Sources */,
				EF50D8D826F75771008F11D7 /* ContactHeaderTableViewCell.swift in Sources */,
				EF3994542634218A00BBC189 /* InventoryFooterTableViewCell.swift in Sources */,
				EF0C9972276BA08200C722F5 /* CustomerInfoListViewModel.swift in Sources */,
				EFEA18BE2641A24600251F19 /* ProductInfoListTableViewCell.swift in Sources */,
				EF239BF726384F3900983EA8 /* SimilarRelatedHeaderTableViewCell.swift in Sources */,
				EF1623D9276F012800A3712C /* ProductDetailRepository.swift in Sources */,
				EF399450263412FE00BBC189 /* InventoryTableModel.swift in Sources */,
				EF3994AC2634454C00BBC189 /* ProductTableModel.swift in Sources */,
				EF399461263429ED00BBC189 /* ShipmentHeaderTableViewCell.swift in Sources */,
				EF29F429260E316200ABE46D /* UIViewController+Extension.swift in Sources */,
				EF1623DB276F016000A3712C /* GetProductDetailInfo2Response.swift in Sources */,
				EF29F443260E576800ABE46D /* UIImageView+Extension.swift in Sources */,
				EFB0082C277AB1F800BAE2EE /* Date+Extension.swift in Sources */,
				EFED23D52612106000BD0CD7 /* LoginViewModel.swift in Sources */,
				EF1623DE276F02AC00A3712C /* GetProductDetailInfo2UseCase.swift in Sources */,
				EFB00841277ADE2E00BAE2EE /* GetCustomerProfileRequest.swift in Sources */,
				EF29F435260E35EA00ABE46D /* UIButton+Extension.swift in Sources */,
				EF849DE3276A409E0010FEF0 /* InfoLevel1Repository.swift in Sources */,
				EF7D56FE260EFD99004EE94A /* UIView+Extension.swift in Sources */,
				EFA2F0082768EA370008463F /* AnyKey.swift in Sources */,
				EF39949C26343F8200BBC189 /* ProductSpecificationTableViewCell.swift in Sources */,
				EFB00826277AA91700BAE2EE /* GetProductDetailInfo3Response.swift in Sources */,
				EF849DF0276A43FE0010FEF0 /* ProductInfoListViewModel.swift in Sources */,
				EFA2F00E2768EAA40008463F /* KeyedDecodingContainer+Extension.swift in Sources */,
				EF50D8DC26F7577D008F11D7 /* ContactItemTableViewCell.swift in Sources */,
				EF22CC632648073400E5438F /* CustomerInfoDetailViewController.swift in Sources */,
				EF849DE5276A40F40010FEF0 /* GetProductInfoResponse.swift in Sources */,
				EF1623E3276F10CB00A3712C /* UIImageView+Kingfisher.swift in Sources */,
				EFEA18AA2641989600251F19 /* ProductInfoListViewController.swift in Sources */,
				EFA2F0012768E9C70008463F /* Utils.swift in Sources */,
				EF5242CD262AADDA0071572B /* ProductInfoViewController.swift in Sources */,
				EF29F432260E32B200ABE46D /* UITextField+Extension.swift in Sources */,
				EFED23F0261217FA00BD0CD7 /* UIColor+Extension.swift in Sources */,
				EFA2EFEE2768E3D80008463F /* DomainNameConfig.swift in Sources */,
				EFA2F00A2768EA620008463F /* Decodable+Extension.swift in Sources */,
				EFA2EFFA2768E8A50008463F /* LoginRepository.swift in Sources */,
				EF849DE1276A40770010FEF0 /* InfoLevel1API.swift in Sources */,
				EF7D56FB260EF918004EE94A /* UIFont+Extension.swift in Sources */,
				EF29F43C260E44DB00ABE46D /* SceneOpen.swift in Sources */,
				EFA2EFFF2768E9970008463F /* CodableInfixOperator.swift in Sources */,
				EFA2F0132768EEEB0008463F /* GetLoginUseCase.swift in Sources */,
				EF849DDC276A40030010FEF0 /* GetInfoLevel1Request.swift in Sources */,
				EF22CC7126480F8000E5438F /* CustomerInfoDetailListModel.swift in Sources */,
				EF849DEB276A42EC0010FEF0 /* GetProductInfoUseCase.swift in Sources */,
				EF39943F26340E1D00BBC189 /* PriceTableModel.swift in Sources */,
				EFB00834277AB5FE00BAE2EE /* GetSimilarRelatedPartResponse.swift in Sources */,
				EFB0083A277ADCCB00BAE2EE /* CustomerProfileViewModel.swift in Sources */,
				EFA2EFF62768E6E60008463F /* GetLoginRequest.swift in Sources */,
				EF4788602764651400746A59 /* BadgeSaleManView.swift in Sources */,
				EF849DF2276A487A0010FEF0 /* AnyCodableValue.swift in Sources */,
				EFED24182612461800BD0CD7 /* UserDefaults+Extension.swift in Sources */,
				EF9667F6271C6900002ED4C5 /* Gradient.swift in Sources */,
				EF74ED15262D2D1700E420C8 /* PriceListTableViewCell.swift in Sources */,
				EF22CC6C26480A2000E5438F /* CustomerInfoDetailTableViewCell.swift in Sources */,
				EF1623E1276F047B00A3712C /* ProductInfoViewModel.swift in Sources */,
				EF7F08C7278EC8B300FE4E9C /* EmptyTableViewCell.swift in Sources */,
				EF22CC782648141500E5438F /* PopupViewController.swift in Sources */,
				EF3994A126343F9500BBC189 /* ProductInformationTableViewCell.swift in Sources */,
				EFB0083D277ADE0400BAE2EE /* CustomerProfileAPI.swift in Sources */,
				EFB0082A277AAA6800BAE2EE /* GetProductDetailInfo3UseCase.swift in Sources */,
				EF50D8D026F73D5A008F11D7 /* CustomerProfileViewController.swift in Sources */,
				EF39944C2634102800BBC189 /* InventoryListTableViewCell.swift in Sources */,
			);
			runOnlyForDeploymentPostprocessing = 0;
		};
/* End PBXSourcesBuildPhase section */

/* Begin PBXVariantGroup section */
		EF52945E260D860800C3EF64 /* LaunchScreen.storyboard */ = {
			isa = PBXVariantGroup;
			children = (
				EF52945F260D860800C3EF64 /* Base */,
			);
			name = LaunchScreen.storyboard;
			sourceTree = "<group>";
		};
/* End PBXVariantGroup section */

/* Begin XCBuildConfiguration section */
		EF529462260D860800C3EF64 /* Debug */ = {
			isa = XCBuildConfiguration;
			buildSettings = {
				ALWAYS_SEARCH_USER_PATHS = NO;
				CLANG_ANALYZER_NONNULL = YES;
				CLANG_ANALYZER_NUMBER_OBJECT_CONVERSION = YES_AGGRESSIVE;
				CLANG_CXX_LANGUAGE_STANDARD = "gnu++14";
				CLANG_CXX_LIBRARY = "libc++";
				CLANG_ENABLE_MODULES = YES;
				CLANG_ENABLE_OBJC_ARC = YES;
				CLANG_ENABLE_OBJC_WEAK = YES;
				CLANG_WARN_BLOCK_CAPTURE_AUTORELEASING = YES;
				CLANG_WARN_BOOL_CONVERSION = YES;
				CLANG_WARN_COMMA = YES;
				CLANG_WARN_CONSTANT_CONVERSION = YES;
				CLANG_WARN_DEPRECATED_OBJC_IMPLEMENTATIONS = YES;
				CLANG_WARN_DIRECT_OBJC_ISA_USAGE = YES_ERROR;
				CLANG_WARN_DOCUMENTATION_COMMENTS = YES;
				CLANG_WARN_EMPTY_BODY = YES;
				CLANG_WARN_ENUM_CONVERSION = YES;
				CLANG_WARN_INFINITE_RECURSION = YES;
				CLANG_WARN_INT_CONVERSION = YES;
				CLANG_WARN_NON_LITERAL_NULL_CONVERSION = YES;
				CLANG_WARN_OBJC_IMPLICIT_RETAIN_SELF = YES;
				CLANG_WARN_OBJC_LITERAL_CONVERSION = YES;
				CLANG_WARN_OBJC_ROOT_CLASS = YES_ERROR;
				CLANG_WARN_QUOTED_INCLUDE_IN_FRAMEWORK_HEADER = YES;
				CLANG_WARN_RANGE_LOOP_ANALYSIS = YES;
				CLANG_WARN_STRICT_PROTOTYPES = YES;
				CLANG_WARN_SUSPICIOUS_MOVE = YES;
				CLANG_WARN_UNGUARDED_AVAILABILITY = YES_AGGRESSIVE;
				CLANG_WARN_UNREACHABLE_CODE = YES;
				CLANG_WARN__DUPLICATE_METHOD_MATCH = YES;
				COPY_PHASE_STRIP = NO;
				DEBUG_INFORMATION_FORMAT = dwarf;
				ENABLE_STRICT_OBJC_MSGSEND = YES;
				ENABLE_TESTABILITY = YES;
				GCC_C_LANGUAGE_STANDARD = gnu11;
				GCC_DYNAMIC_NO_PIC = NO;
				GCC_NO_COMMON_BLOCKS = YES;
				GCC_OPTIMIZATION_LEVEL = 0;
				GCC_PREPROCESSOR_DEFINITIONS = (
					"DEBUG=1",
					"$(inherited)",
				);
				GCC_WARN_64_TO_32_BIT_CONVERSION = YES;
				GCC_WARN_ABOUT_RETURN_TYPE = YES_ERROR;
				GCC_WARN_UNDECLARED_SELECTOR = YES;
				GCC_WARN_UNINITIALIZED_AUTOS = YES_AGGRESSIVE;
				GCC_WARN_UNUSED_FUNCTION = YES;
				GCC_WARN_UNUSED_VARIABLE = YES;
				IPHONEOS_DEPLOYMENT_TARGET = 11.0;
				MTL_ENABLE_DEBUG_INFO = INCLUDE_SOURCE;
				MTL_FAST_MATH = YES;
				ONLY_ACTIVE_ARCH = YES;
				SDKROOT = iphoneos;
				SWIFT_ACTIVE_COMPILATION_CONDITIONS = DEBUG;
				SWIFT_OPTIMIZATION_LEVEL = "-Onone";
			};
			name = Debug;
		};
		EF529463260D860800C3EF64 /* Release */ = {
			isa = XCBuildConfiguration;
			buildSettings = {
				ALWAYS_SEARCH_USER_PATHS = NO;
				CLANG_ANALYZER_NONNULL = YES;
				CLANG_ANALYZER_NUMBER_OBJECT_CONVERSION = YES_AGGRESSIVE;
				CLANG_CXX_LANGUAGE_STANDARD = "gnu++14";
				CLANG_CXX_LIBRARY = "libc++";
				CLANG_ENABLE_MODULES = YES;
				CLANG_ENABLE_OBJC_ARC = YES;
				CLANG_ENABLE_OBJC_WEAK = YES;
				CLANG_WARN_BLOCK_CAPTURE_AUTORELEASING = YES;
				CLANG_WARN_BOOL_CONVERSION = YES;
				CLANG_WARN_COMMA = YES;
				CLANG_WARN_CONSTANT_CONVERSION = YES;
				CLANG_WARN_DEPRECATED_OBJC_IMPLEMENTATIONS = YES;
				CLANG_WARN_DIRECT_OBJC_ISA_USAGE = YES_ERROR;
				CLANG_WARN_DOCUMENTATION_COMMENTS = YES;
				CLANG_WARN_EMPTY_BODY = YES;
				CLANG_WARN_ENUM_CONVERSION = YES;
				CLANG_WARN_INFINITE_RECURSION = YES;
				CLANG_WARN_INT_CONVERSION = YES;
				CLANG_WARN_NON_LITERAL_NULL_CONVERSION = YES;
				CLANG_WARN_OBJC_IMPLICIT_RETAIN_SELF = YES;
				CLANG_WARN_OBJC_LITERAL_CONVERSION = YES;
				CLANG_WARN_OBJC_ROOT_CLASS = YES_ERROR;
				CLANG_WARN_QUOTED_INCLUDE_IN_FRAMEWORK_HEADER = YES;
				CLANG_WARN_RANGE_LOOP_ANALYSIS = YES;
				CLANG_WARN_STRICT_PROTOTYPES = YES;
				CLANG_WARN_SUSPICIOUS_MOVE = YES;
				CLANG_WARN_UNGUARDED_AVAILABILITY = YES_AGGRESSIVE;
				CLANG_WARN_UNREACHABLE_CODE = YES;
				CLANG_WARN__DUPLICATE_METHOD_MATCH = YES;
				COPY_PHASE_STRIP = NO;
				DEBUG_INFORMATION_FORMAT = "dwarf-with-dsym";
				ENABLE_NS_ASSERTIONS = NO;
				ENABLE_STRICT_OBJC_MSGSEND = YES;
				GCC_C_LANGUAGE_STANDARD = gnu11;
				GCC_NO_COMMON_BLOCKS = YES;
				GCC_WARN_64_TO_32_BIT_CONVERSION = YES;
				GCC_WARN_ABOUT_RETURN_TYPE = YES_ERROR;
				GCC_WARN_UNDECLARED_SELECTOR = YES;
				GCC_WARN_UNINITIALIZED_AUTOS = YES_AGGRESSIVE;
				GCC_WARN_UNUSED_FUNCTION = YES;
				GCC_WARN_UNUSED_VARIABLE = YES;
				IPHONEOS_DEPLOYMENT_TARGET = 11.0;
				MTL_ENABLE_DEBUG_INFO = NO;
				MTL_FAST_MATH = YES;
				SDKROOT = iphoneos;
				SWIFT_COMPILATION_MODE = wholemodule;
				SWIFT_OPTIMIZATION_LEVEL = "-O";
				VALIDATE_PRODUCT = YES;
			};
			name = Release;
		};
		EF529465260D860800C3EF64 /* Debug */ = {
			isa = XCBuildConfiguration;
			baseConfigurationReference = 13414C314681D4E64E22F4BB /* Pods-EsAppiOS.debug.xcconfig */;
			buildSettings = {
				API_BASE_URL = "https://www.apiesource.com:3000/esprogram_get";
				ASSETCATALOG_COMPILER_APPICON_NAME = AppIcon;
				ASSETCATALOG_COMPILER_GLOBAL_ACCENT_COLOR_NAME = AccentColor;
				CODE_SIGN_IDENTITY = "iPhone Distribution";
				CODE_SIGN_STYLE = Manual;
				CURRENT_PROJECT_VERSION = 3;
				DEVELOPMENT_TEAM = 2DY57Q85QG;
				INFOPLIST_FILE = EsAppiOS/Info.plist;
				IPHONEOS_DEPLOYMENT_TARGET = 11.0;
				LD_RUNPATH_SEARCH_PATHS = (
					"$(inherited)",
					"@executable_path/Frameworks",
				);
				PRODUCT_BUNDLE_IDENTIFIER = com.ssoft.es;
				PRODUCT_NAME = "$(TARGET_NAME)";
				PROVISIONING_PROFILE_SPECIFIER = "Es Build App Store";
				SWIFT_VERSION = 5.0;
				TARGETED_DEVICE_FAMILY = 2;
			};
			name = Debug;
		};
		EF529466260D860800C3EF64 /* Release */ = {
			isa = XCBuildConfiguration;
			baseConfigurationReference = C3D71E7A6B69E9FC300AD523 /* Pods-EsAppiOS.release.xcconfig */;
			buildSettings = {
				API_BASE_URL = "https://www.apiesource.com:3000/esprogram_get";
				ASSETCATALOG_COMPILER_APPICON_NAME = AppIcon;
				ASSETCATALOG_COMPILER_GLOBAL_ACCENT_COLOR_NAME = AccentColor;
				CODE_SIGN_IDENTITY = "iPhone Distribution";
				CODE_SIGN_STYLE = Manual;
				CURRENT_PROJECT_VERSION = 3;
				DEVELOPMENT_TEAM = 2DY57Q85QG;
				INFOPLIST_FILE = EsAppiOS/Info.plist;
				IPHONEOS_DEPLOYMENT_TARGET = 11.0;
				LD_RUNPATH_SEARCH_PATHS = (
					"$(inherited)",
					"@executable_path/Frameworks",
				);
				PRODUCT_BUNDLE_IDENTIFIER = com.ssoft.es;
				PRODUCT_NAME = "$(TARGET_NAME)";
				PROVISIONING_PROFILE_SPECIFIER = "Es Build App Store";
				SWIFT_VERSION = 5.0;
				TARGETED_DEVICE_FAMILY = 2;
			};
			name = Release;
		};
/* End XCBuildConfiguration section */

/* Begin XCConfigurationList section */
		EF52944B260D860800C3EF64 /* Build configuration list for PBXProject "EsAppiOS" */ = {
			isa = XCConfigurationList;
			buildConfigurations = (
				EF529462260D860800C3EF64 /* Debug */,
				EF529463260D860800C3EF64 /* Release */,
			);
			defaultConfigurationIsVisible = 0;
			defaultConfigurationName = Release;
		};
		EF529464260D860800C3EF64 /* Build configuration list for PBXNativeTarget "EsAppiOS" */ = {
			isa = XCConfigurationList;
			buildConfigurations = (
				EF529465260D860800C3EF64 /* Debug */,
				EF529466260D860800C3EF64 /* Release */,
			);
			defaultConfigurationIsVisible = 0;
			defaultConfigurationName = Release;
		};
/* End XCConfigurationList section */

/* Begin XCRemoteSwiftPackageReference section */
		EF1623E4276F112D00A3712C /* XCRemoteSwiftPackageReference "Kingfisher" */ = {
			isa = XCRemoteSwiftPackageReference;
			repositoryURL = "https://github.com/onevcat/Kingfisher.git";
			requirement = {
				kind = upToNextMajorVersion;
				minimumVersion = 6.3.1;
			};
		};
		EF29F40A260E2B4700ABE46D /* XCRemoteSwiftPackageReference "Moya" */ = {
			isa = XCRemoteSwiftPackageReference;
			repositoryURL = "https://github.com/Moya/Moya.git";
			requirement = {
				kind = upToNextMajorVersion;
				minimumVersion = 14.0.1;
			};
		};
		EF29F42B260E31C000ABE46D /* XCRemoteSwiftPackageReference "NVActivityIndicatorView" */ = {
			isa = XCRemoteSwiftPackageReference;
			repositoryURL = "https://github.com/ninjaprox/NVActivityIndicatorView.git";
			requirement = {
				kind = upToNextMajorVersion;
				minimumVersion = 5.1.1;
			};
		};
/* End XCRemoteSwiftPackageReference section */

/* Begin XCSwiftPackageProductDependency section */
		EF1623E5276F112D00A3712C /* Kingfisher */ = {
			isa = XCSwiftPackageProductDependency;
			package = EF1623E4276F112D00A3712C /* XCRemoteSwiftPackageReference "Kingfisher" */;
			productName = Kingfisher;
		};
		EF29F40B260E2B4700ABE46D /* Moya */ = {
			isa = XCSwiftPackageProductDependency;
			package = EF29F40A260E2B4700ABE46D /* XCRemoteSwiftPackageReference "Moya" */;
			productName = Moya;
		};
		EF29F40D260E2B4700ABE46D /* RxMoya */ = {
			isa = XCSwiftPackageProductDependency;
			package = EF29F40A260E2B4700ABE46D /* XCRemoteSwiftPackageReference "Moya" */;
			productName = RxMoya;
		};
		EF29F40F260E2B4700ABE46D /* ReactiveMoya */ = {
			isa = XCSwiftPackageProductDependency;
			package = EF29F40A260E2B4700ABE46D /* XCRemoteSwiftPackageReference "Moya" */;
			productName = ReactiveMoya;
		};
		EF29F42C260E31C000ABE46D /* NVActivityIndicatorView */ = {
			isa = XCSwiftPackageProductDependency;
			package = EF29F42B260E31C000ABE46D /* XCRemoteSwiftPackageReference "NVActivityIndicatorView" */;
			productName = NVActivityIndicatorView;
		};
		EF29F42E260E31C000ABE46D /* NVActivityIndicatorViewExtended */ = {
			isa = XCSwiftPackageProductDependency;
			package = EF29F42B260E31C000ABE46D /* XCRemoteSwiftPackageReference "NVActivityIndicatorView" */;
			productName = NVActivityIndicatorViewExtended;
		};
/* End XCSwiftPackageProductDependency section */
	};
	rootObject = EF529448260D860800C3EF64 /* Project object */;
}
